// !$*UTF8*$!
{
	archiveVersion = 1;
	classes = {
	};
	objectVersion = 55;
	objects = {

/* Begin PBXBuildFile section */
		5578A34E28C1DFD4004EE2D3 /* InboxView.swift in Sources */ = {isa = PBXBuildFile; fileRef = 5578A34D28C1DFD4004EE2D3 /* InboxView.swift */; };
		5578A35228C1DFE8004EE2D3 /* Message.swift in Sources */ = {isa = PBXBuildFile; fileRef = 5578A35128C1DFE8004EE2D3 /* Message.swift */; };
		5578A35428C1EB88004EE2D3 /* MessageSelfBubble.swift in Sources */ = {isa = PBXBuildFile; fileRef = 5578A35328C1EB88004EE2D3 /* MessageSelfBubble.swift */; };
		5578A35628C1EB97004EE2D3 /* MessageDefaultBubble.swift in Sources */ = {isa = PBXBuildFile; fileRef = 5578A35528C1EB97004EE2D3 /* MessageDefaultBubble.swift */; };
		5578A35828C1EF50004EE2D3 /* CornerRadiusStyle.swift in Sources */ = {isa = PBXBuildFile; fileRef = 5578A35728C1EF50004EE2D3 /* CornerRadiusStyle.swift */; };
		55FA436828BE26BD006AC2F8 /* uhubApp.swift in Sources */ = {isa = PBXBuildFile; fileRef = 55FA436728BE26BD006AC2F8 /* uhubApp.swift */; };
		55FA436A28BE26BD006AC2F8 /* ContentView.swift in Sources */ = {isa = PBXBuildFile; fileRef = 55FA436928BE26BD006AC2F8 /* ContentView.swift */; };
		55FA436C28BE26C4006AC2F8 /* Assets.xcassets in Resources */ = {isa = PBXBuildFile; fileRef = 55FA436B28BE26C4006AC2F8 /* Assets.xcassets */; };
		55FA436F28BE26C4006AC2F8 /* Preview Assets.xcassets in Resources */ = {isa = PBXBuildFile; fileRef = 55FA436E28BE26C4006AC2F8 /* Preview Assets.xcassets */; };
		55FA438428C0A08A006AC2F8 /* ChatList.swift in Sources */ = {isa = PBXBuildFile; fileRef = 55FA438328C0A089006AC2F8 /* ChatList.swift */; };
		55FA438628C0A246006AC2F8 /* ChatListRow.swift in Sources */ = {isa = PBXBuildFile; fileRef = 55FA438528C0A246006AC2F8 /* ChatListRow.swift */; };
		55FA438828C0A26A006AC2F8 /* Conversation.swift in Sources */ = {isa = PBXBuildFile; fileRef = 55FA438728C0A26A006AC2F8 /* Conversation.swift */; };
		8FDB54A928BF2AA10013816E /* FirebaseAnalytics in Frameworks */ = {isa = PBXBuildFile; productRef = 8FDB54A828BF2AA10013816E /* FirebaseAnalytics */; };
		8FDB54AB28BF2AA10013816E /* FirebaseAuth in Frameworks */ = {isa = PBXBuildFile; productRef = 8FDB54AA28BF2AA10013816E /* FirebaseAuth */; };
		8FDB54AD28BF2AA10013816E /* FirebaseCrashlytics in Frameworks */ = {isa = PBXBuildFile; productRef = 8FDB54AC28BF2AA10013816E /* FirebaseCrashlytics */; };
		8FDB54AF28BF2AA10013816E /* FirebaseDatabase in Frameworks */ = {isa = PBXBuildFile; productRef = 8FDB54AE28BF2AA10013816E /* FirebaseDatabase */; };
		8FDB54B128BF2AA10013816E /* FirebaseFirestore in Frameworks */ = {isa = PBXBuildFile; productRef = 8FDB54B028BF2AA10013816E /* FirebaseFirestore */; };
		8FDB54B328BF2AA10013816E /* FirebaseMessaging in Frameworks */ = {isa = PBXBuildFile; productRef = 8FDB54B228BF2AA10013816E /* FirebaseMessaging */; };
		8FDB54B528BF2AA10013816E /* FirebaseStorage in Frameworks */ = {isa = PBXBuildFile; productRef = 8FDB54B428BF2AA10013816E /* FirebaseStorage */; };
		8FDB54B728BF2B4A0013816E /* GoogleService-Info.plist in Resources */ = {isa = PBXBuildFile; fileRef = 8FDB54B628BF2B4A0013816E /* GoogleService-Info.plist */; };
		C12BFA4E28C2593500150928 /* NavigationViewModel.swift in Sources */ = {isa = PBXBuildFile; fileRef = C12BFA4D28C2593500150928 /* NavigationViewModel.swift */; };
		C12BFA5628C25C4900150928 /* SplashView.swift in Sources */ = {isa = PBXBuildFile; fileRef = C12BFA4F28C25C4900150928 /* SplashView.swift */; };
		C12BFA5728C25C4900150928 /* CongratsView.swift in Sources */ = {isa = PBXBuildFile; fileRef = C12BFA5028C25C4900150928 /* CongratsView.swift */; };
		C12BFA5828C25C4900150928 /* SplashModifer.swift in Sources */ = {isa = PBXBuildFile; fileRef = C12BFA5128C25C4900150928 /* SplashModifer.swift */; };
		C12BFA5928C25C4900150928 /* SpalshView.swift in Sources */ = {isa = PBXBuildFile; fileRef = C12BFA5228C25C4900150928 /* SpalshView.swift */; };
		C12BFA5A28C25C4900150928 /* TempHomeView.swift in Sources */ = {isa = PBXBuildFile; fileRef = C12BFA5328C25C4900150928 /* TempHomeView.swift */; };
		C12BFA5B28C25C4900150928 /* CongratsModal.swift in Sources */ = {isa = PBXBuildFile; fileRef = C12BFA5428C25C4900150928 /* CongratsModal.swift */; };
		C12BFA5C28C25C4900150928 /* SplashScreenModifier.swift in Sources */ = {isa = PBXBuildFile; fileRef = C12BFA5528C25C4900150928 /* SplashScreenModifier.swift */; };
/* End PBXBuildFile section */

/* Begin PBXFileReference section */
		5578A34D28C1DFD4004EE2D3 /* InboxView.swift */ = {isa = PBXFileReference; lastKnownFileType = sourcecode.swift; path = InboxView.swift; sourceTree = "<group>"; };
		5578A35128C1DFE8004EE2D3 /* Message.swift */ = {isa = PBXFileReference; lastKnownFileType = sourcecode.swift; path = Message.swift; sourceTree = "<group>"; };
		5578A35328C1EB88004EE2D3 /* MessageSelfBubble.swift */ = {isa = PBXFileReference; lastKnownFileType = sourcecode.swift; path = MessageSelfBubble.swift; sourceTree = "<group>"; };
		5578A35528C1EB97004EE2D3 /* MessageDefaultBubble.swift */ = {isa = PBXFileReference; lastKnownFileType = sourcecode.swift; path = MessageDefaultBubble.swift; sourceTree = "<group>"; };
		5578A35728C1EF50004EE2D3 /* CornerRadiusStyle.swift */ = {isa = PBXFileReference; lastKnownFileType = sourcecode.swift; path = CornerRadiusStyle.swift; sourceTree = "<group>"; };
		55FA436428BE26BD006AC2F8 /* uhub.app */ = {isa = PBXFileReference; explicitFileType = wrapper.application; includeInIndex = 0; path = uhub.app; sourceTree = BUILT_PRODUCTS_DIR; };
		55FA436728BE26BD006AC2F8 /* uhubApp.swift */ = {isa = PBXFileReference; lastKnownFileType = sourcecode.swift; path = uhubApp.swift; sourceTree = "<group>"; };
		55FA436928BE26BD006AC2F8 /* ContentView.swift */ = {isa = PBXFileReference; lastKnownFileType = sourcecode.swift; path = ContentView.swift; sourceTree = "<group>"; };
		55FA436B28BE26C4006AC2F8 /* Assets.xcassets */ = {isa = PBXFileReference; lastKnownFileType = folder.assetcatalog; path = Assets.xcassets; sourceTree = "<group>"; };
		55FA436E28BE26C4006AC2F8 /* Preview Assets.xcassets */ = {isa = PBXFileReference; lastKnownFileType = folder.assetcatalog; path = "Preview Assets.xcassets"; sourceTree = "<group>"; };
		55FA438328C0A089006AC2F8 /* ChatList.swift */ = {isa = PBXFileReference; lastKnownFileType = sourcecode.swift; path = ChatList.swift; sourceTree = "<group>"; };
		55FA438528C0A246006AC2F8 /* ChatListRow.swift */ = {isa = PBXFileReference; lastKnownFileType = sourcecode.swift; path = ChatListRow.swift; sourceTree = "<group>"; };
		55FA438728C0A26A006AC2F8 /* Conversation.swift */ = {isa = PBXFileReference; lastKnownFileType = sourcecode.swift; path = Conversation.swift; sourceTree = "<group>"; };
		8FDB54B628BF2B4A0013816E /* GoogleService-Info.plist */ = {isa = PBXFileReference; fileEncoding = 4; lastKnownFileType = text.plist.xml; path = "GoogleService-Info.plist"; sourceTree = "<group>"; };
		C12BFA4D28C2593500150928 /* NavigationViewModel.swift */ = {isa = PBXFileReference; lastKnownFileType = sourcecode.swift; path = NavigationViewModel.swift; sourceTree = "<group>"; };
		C12BFA4F28C25C4900150928 /* SplashView.swift */ = {isa = PBXFileReference; fileEncoding = 4; lastKnownFileType = sourcecode.swift; path = SplashView.swift; sourceTree = "<group>"; };
		C12BFA5028C25C4900150928 /* CongratsView.swift */ = {isa = PBXFileReference; fileEncoding = 4; lastKnownFileType = sourcecode.swift; path = CongratsView.swift; sourceTree = "<group>"; };
		C12BFA5128C25C4900150928 /* SplashModifer.swift */ = {isa = PBXFileReference; fileEncoding = 4; lastKnownFileType = sourcecode.swift; path = SplashModifer.swift; sourceTree = "<group>"; };
		C12BFA5228C25C4900150928 /* SpalshView.swift */ = {isa = PBXFileReference; fileEncoding = 4; lastKnownFileType = sourcecode.swift; path = SpalshView.swift; sourceTree = "<group>"; };
		C12BFA5328C25C4900150928 /* TempHomeView.swift */ = {isa = PBXFileReference; fileEncoding = 4; lastKnownFileType = sourcecode.swift; path = TempHomeView.swift; sourceTree = "<group>"; };
		C12BFA5428C25C4900150928 /* CongratsModal.swift */ = {isa = PBXFileReference; fileEncoding = 4; lastKnownFileType = sourcecode.swift; path = CongratsModal.swift; sourceTree = "<group>"; };
		C12BFA5528C25C4900150928 /* SplashScreenModifier.swift */ = {isa = PBXFileReference; fileEncoding = 4; lastKnownFileType = sourcecode.swift; path = SplashScreenModifier.swift; sourceTree = "<group>"; };
/* End PBXFileReference section */

/* Begin PBXFrameworksBuildPhase section */
		55FA436128BE26BD006AC2F8 /* Frameworks */ = {
			isa = PBXFrameworksBuildPhase;
			buildActionMask = 2147483647;
			files = (
				8FDB54B328BF2AA10013816E /* FirebaseMessaging in Frameworks */,
				8FDB54AD28BF2AA10013816E /* FirebaseCrashlytics in Frameworks */,
				8FDB54A928BF2AA10013816E /* FirebaseAnalytics in Frameworks */,
				8FDB54AF28BF2AA10013816E /* FirebaseDatabase in Frameworks */,
				8FDB54B528BF2AA10013816E /* FirebaseStorage in Frameworks */,
				8FDB54B128BF2AA10013816E /* FirebaseFirestore in Frameworks */,
				8FDB54AB28BF2AA10013816E /* FirebaseAuth in Frameworks */,
			);
			runOnlyForDeploymentPostprocessing = 0;
		};
/* End PBXFrameworksBuildPhase section */

/* Begin PBXGroup section */
		55FA435B28BE26BD006AC2F8 = {
			isa = PBXGroup;
			children = (
				55FA436628BE26BD006AC2F8 /* uhub */,
				55FA436528BE26BD006AC2F8 /* Products */,
			);
			sourceTree = "<group>";
		};
		55FA436528BE26BD006AC2F8 /* Products */ = {
			isa = PBXGroup;
			children = (
				55FA436428BE26BD006AC2F8 /* uhub.app */,
			);
			name = Products;
			sourceTree = "<group>";
		};
		55FA436628BE26BD006AC2F8 /* uhub */ = {
			isa = PBXGroup;
			children = (
				C12BFA5428C25C4900150928 /* CongratsModal.swift */,
				C12BFA5028C25C4900150928 /* CongratsView.swift */,
				C12BFA5228C25C4900150928 /* SpalshView.swift */,
				C12BFA5128C25C4900150928 /* SplashModifer.swift */,
				C12BFA5528C25C4900150928 /* SplashScreenModifier.swift */,
				C12BFA4F28C25C4900150928 /* SplashView.swift */,
				C12BFA5328C25C4900150928 /* TempHomeView.swift */,
				55FA436728BE26BD006AC2F8 /* uhubApp.swift */,
				55FA436928BE26BD006AC2F8 /* ContentView.swift */,
				8FDB54B628BF2B4A0013816E /* GoogleService-Info.plist */,
				55FA436B28BE26C4006AC2F8 /* Assets.xcassets */,
				5578A34D28C1DFD4004EE2D3 /* InboxView.swift */,
				5578A35128C1DFE8004EE2D3 /* Message.swift */,
				5578A35328C1EB88004EE2D3 /* MessageSelfBubble.swift */,
				5578A35728C1EF50004EE2D3 /* CornerRadiusStyle.swift */,
				5578A35528C1EB97004EE2D3 /* MessageDefaultBubble.swift */,
				55FA438328C0A089006AC2F8 /* ChatList.swift */,
				55FA438528C0A246006AC2F8 /* ChatListRow.swift */,
				55FA438728C0A26A006AC2F8 /* Conversation.swift */,
				C12BFA4D28C2593500150928 /* NavigationViewModel.swift */,
				55FA436D28BE26C4006AC2F8 /* Preview Content */,
			);
			path = uhub;
			sourceTree = "<group>";
		};
		55FA436D28BE26C4006AC2F8 /* Preview Content */ = {
			isa = PBXGroup;
			children = (
				55FA436E28BE26C4006AC2F8 /* Preview Assets.xcassets */,
			);
			path = "Preview Content";
			sourceTree = "<group>";
		};
/* End PBXGroup section */

/* Begin PBXNativeTarget section */
		55FA436328BE26BD006AC2F8 /* uhub */ = {
			isa = PBXNativeTarget;
			buildConfigurationList = 55FA437228BE26C4006AC2F8 /* Build configuration list for PBXNativeTarget "uhub" */;
			buildPhases = (
				55FA436028BE26BD006AC2F8 /* Sources */,
				55FA436128BE26BD006AC2F8 /* Frameworks */,
				55FA436228BE26BD006AC2F8 /* Resources */,
			);
			buildRules = (
			);
			dependencies = (
			);
			name = uhub;
			packageProductDependencies = (
				8FDB54A828BF2AA10013816E /* FirebaseAnalytics */,
				8FDB54AA28BF2AA10013816E /* FirebaseAuth */,
				8FDB54AC28BF2AA10013816E /* FirebaseCrashlytics */,
				8FDB54AE28BF2AA10013816E /* FirebaseDatabase */,
				8FDB54B028BF2AA10013816E /* FirebaseFirestore */,
				8FDB54B228BF2AA10013816E /* FirebaseMessaging */,
				8FDB54B428BF2AA10013816E /* FirebaseStorage */,
			);
			productName = uhub;
			productReference = 55FA436428BE26BD006AC2F8 /* uhub.app */;
			productType = "com.apple.product-type.application";
		};
/* End PBXNativeTarget section */

/* Begin PBXProject section */
		55FA435C28BE26BD006AC2F8 /* Project object */ = {
			isa = PBXProject;
			attributes = {
				BuildIndependentTargetsInParallel = 1;
				LastSwiftUpdateCheck = 1340;
				LastUpgradeCheck = 1340;
				TargetAttributes = {
					55FA436328BE26BD006AC2F8 = {
						CreatedOnToolsVersion = 13.4.1;
					};
				};
			};
			buildConfigurationList = 55FA435F28BE26BD006AC2F8 /* Build configuration list for PBXProject "uhub" */;
			compatibilityVersion = "Xcode 13.0";
			developmentRegion = en;
			hasScannedForEncodings = 0;
			knownRegions = (
				en,
				Base,
			);
			mainGroup = 55FA435B28BE26BD006AC2F8;
			packageReferences = (
				8FDB54A728BF2AA10013816E /* XCRemoteSwiftPackageReference "firebase-ios-sdk" */,
			);
			productRefGroup = 55FA436528BE26BD006AC2F8 /* Products */;
			projectDirPath = "";
			projectRoot = "";
			targets = (
				55FA436328BE26BD006AC2F8 /* uhub */,
			);
		};
/* End PBXProject section */

/* Begin PBXResourcesBuildPhase section */
		55FA436228BE26BD006AC2F8 /* Resources */ = {
			isa = PBXResourcesBuildPhase;
			buildActionMask = 2147483647;
			files = (
				55FA436F28BE26C4006AC2F8 /* Preview Assets.xcassets in Resources */,
				55FA436C28BE26C4006AC2F8 /* Assets.xcassets in Resources */,
				8FDB54B728BF2B4A0013816E /* GoogleService-Info.plist in Resources */,
			);
			runOnlyForDeploymentPostprocessing = 0;
		};
/* End PBXResourcesBuildPhase section */

/* Begin PBXSourcesBuildPhase section */
		55FA436028BE26BD006AC2F8 /* Sources */ = {
			isa = PBXSourcesBuildPhase;
			buildActionMask = 2147483647;
			files = (
				C12BFA5728C25C4900150928 /* CongratsView.swift in Sources */,
				55FA438628C0A246006AC2F8 /* ChatListRow.swift in Sources */,
				55FA436A28BE26BD006AC2F8 /* ContentView.swift in Sources */,
				5578A35428C1EB88004EE2D3 /* MessageSelfBubble.swift in Sources */,
				C12BFA4E28C2593500150928 /* NavigationViewModel.swift in Sources */,
				5578A35228C1DFE8004EE2D3 /* Message.swift in Sources */,
				C12BFA5628C25C4900150928 /* SplashView.swift in Sources */,
				C12BFA5A28C25C4900150928 /* TempHomeView.swift in Sources */,
				5578A35628C1EB97004EE2D3 /* MessageDefaultBubble.swift in Sources */,
				C12BFA5C28C25C4900150928 /* SplashScreenModifier.swift in Sources */,
				5578A35828C1EF50004EE2D3 /* CornerRadiusStyle.swift in Sources */,
				5578A34E28C1DFD4004EE2D3 /* InboxView.swift in Sources */,
				C12BFA5928C25C4900150928 /* SpalshView.swift in Sources */,
				55FA438428C0A08A006AC2F8 /* ChatList.swift in Sources */,
				C12BFA5B28C25C4900150928 /* CongratsModal.swift in Sources */,
				C12BFA5828C25C4900150928 /* SplashModifer.swift in Sources */,
				55FA438828C0A26A006AC2F8 /* Conversation.swift in Sources */,
				55FA436828BE26BD006AC2F8 /* uhubApp.swift in Sources */,
			);
			runOnlyForDeploymentPostprocessing = 0;
		};
/* End PBXSourcesBuildPhase section */

/* Begin XCBuildConfiguration section */
		55FA437028BE26C4006AC2F8 /* Debug */ = {
			isa = XCBuildConfiguration;
			buildSettings = {
				ALWAYS_SEARCH_USER_PATHS = NO;
				CLANG_ANALYZER_NONNULL = YES;
				CLANG_ANALYZER_NUMBER_OBJECT_CONVERSION = YES_AGGRESSIVE;
				CLANG_CXX_LANGUAGE_STANDARD = "gnu++17";
				CLANG_ENABLE_MODULES = YES;
				CLANG_ENABLE_OBJC_ARC = YES;
				CLANG_ENABLE_OBJC_WEAK = YES;
				CLANG_WARN_BLOCK_CAPTURE_AUTORELEASING = YES;
				CLANG_WARN_BOOL_CONVERSION = YES;
				CLANG_WARN_COMMA = YES;
				CLANG_WARN_CONSTANT_CONVERSION = YES;
				CLANG_WARN_DEPRECATED_OBJC_IMPLEMENTATIONS = YES;
				CLANG_WARN_DIRECT_OBJC_ISA_USAGE = YES_ERROR;
				CLANG_WARN_DOCUMENTATION_COMMENTS = YES;
				CLANG_WARN_EMPTY_BODY = YES;
				CLANG_WARN_ENUM_CONVERSION = YES;
				CLANG_WARN_INFINITE_RECURSION = YES;
				CLANG_WARN_INT_CONVERSION = YES;
				CLANG_WARN_NON_LITERAL_NULL_CONVERSION = YES;
				CLANG_WARN_OBJC_IMPLICIT_RETAIN_SELF = YES;
				CLANG_WARN_OBJC_LITERAL_CONVERSION = YES;
				CLANG_WARN_OBJC_ROOT_CLASS = YES_ERROR;
				CLANG_WARN_QUOTED_INCLUDE_IN_FRAMEWORK_HEADER = YES;
				CLANG_WARN_RANGE_LOOP_ANALYSIS = YES;
				CLANG_WARN_STRICT_PROTOTYPES = YES;
				CLANG_WARN_SUSPICIOUS_MOVE = YES;
				CLANG_WARN_UNGUARDED_AVAILABILITY = YES_AGGRESSIVE;
				CLANG_WARN_UNREACHABLE_CODE = YES;
				CLANG_WARN__DUPLICATE_METHOD_MATCH = YES;
				COPY_PHASE_STRIP = NO;
				DEBUG_INFORMATION_FORMAT = dwarf;
				ENABLE_STRICT_OBJC_MSGSEND = YES;
				ENABLE_TESTABILITY = YES;
				GCC_C_LANGUAGE_STANDARD = gnu11;
				GCC_DYNAMIC_NO_PIC = NO;
				GCC_NO_COMMON_BLOCKS = YES;
				GCC_OPTIMIZATION_LEVEL = 0;
				GCC_PREPROCESSOR_DEFINITIONS = (
					"DEBUG=1",
					"$(inherited)",
				);
				GCC_WARN_64_TO_32_BIT_CONVERSION = YES;
				GCC_WARN_ABOUT_RETURN_TYPE = YES_ERROR;
				GCC_WARN_UNDECLARED_SELECTOR = YES;
				GCC_WARN_UNINITIALIZED_AUTOS = YES_AGGRESSIVE;
				GCC_WARN_UNUSED_FUNCTION = YES;
				GCC_WARN_UNUSED_VARIABLE = YES;
				IPHONEOS_DEPLOYMENT_TARGET = 15.5;
				MTL_ENABLE_DEBUG_INFO = INCLUDE_SOURCE;
				MTL_FAST_MATH = YES;
				ONLY_ACTIVE_ARCH = YES;
				SDKROOT = iphoneos;
				SWIFT_ACTIVE_COMPILATION_CONDITIONS = DEBUG;
				SWIFT_OPTIMIZATION_LEVEL = "-Onone";
			};
			name = Debug;
		};
		55FA437128BE26C4006AC2F8 /* Release */ = {
			isa = XCBuildConfiguration;
			buildSettings = {
				ALWAYS_SEARCH_USER_PATHS = NO;
				CLANG_ANALYZER_NONNULL = YES;
				CLANG_ANALYZER_NUMBER_OBJECT_CONVERSION = YES_AGGRESSIVE;
				CLANG_CXX_LANGUAGE_STANDARD = "gnu++17";
				CLANG_ENABLE_MODULES = YES;
				CLANG_ENABLE_OBJC_ARC = YES;
				CLANG_ENABLE_OBJC_WEAK = YES;
				CLANG_WARN_BLOCK_CAPTURE_AUTORELEASING = YES;
				CLANG_WARN_BOOL_CONVERSION = YES;
				CLANG_WARN_COMMA = YES;
				CLANG_WARN_CONSTANT_CONVERSION = YES;
				CLANG_WARN_DEPRECATED_OBJC_IMPLEMENTATIONS = YES;
				CLANG_WARN_DIRECT_OBJC_ISA_USAGE = YES_ERROR;
				CLANG_WARN_DOCUMENTATION_COMMENTS = YES;
				CLANG_WARN_EMPTY_BODY = YES;
				CLANG_WARN_ENUM_CONVERSION = YES;
				CLANG_WARN_INFINITE_RECURSION = YES;
				CLANG_WARN_INT_CONVERSION = YES;
				CLANG_WARN_NON_LITERAL_NULL_CONVERSION = YES;
				CLANG_WARN_OBJC_IMPLICIT_RETAIN_SELF = YES;
				CLANG_WARN_OBJC_LITERAL_CONVERSION = YES;
				CLANG_WARN_OBJC_ROOT_CLASS = YES_ERROR;
				CLANG_WARN_QUOTED_INCLUDE_IN_FRAMEWORK_HEADER = YES;
				CLANG_WARN_RANGE_LOOP_ANALYSIS = YES;
				CLANG_WARN_STRICT_PROTOTYPES = YES;
				CLANG_WARN_SUSPICIOUS_MOVE = YES;
				CLANG_WARN_UNGUARDED_AVAILABILITY = YES_AGGRESSIVE;
				CLANG_WARN_UNREACHABLE_CODE = YES;
				CLANG_WARN__DUPLICATE_METHOD_MATCH = YES;
				COPY_PHASE_STRIP = NO;
				DEBUG_INFORMATION_FORMAT = "dwarf-with-dsym";
				ENABLE_NS_ASSERTIONS = NO;
				ENABLE_STRICT_OBJC_MSGSEND = YES;
				GCC_C_LANGUAGE_STANDARD = gnu11;
				GCC_NO_COMMON_BLOCKS = YES;
				GCC_WARN_64_TO_32_BIT_CONVERSION = YES;
				GCC_WARN_ABOUT_RETURN_TYPE = YES_ERROR;
				GCC_WARN_UNDECLARED_SELECTOR = YES;
				GCC_WARN_UNINITIALIZED_AUTOS = YES_AGGRESSIVE;
				GCC_WARN_UNUSED_FUNCTION = YES;
				GCC_WARN_UNUSED_VARIABLE = YES;
				IPHONEOS_DEPLOYMENT_TARGET = 15.5;
				MTL_ENABLE_DEBUG_INFO = NO;
				MTL_FAST_MATH = YES;
				SDKROOT = iphoneos;
				SWIFT_COMPILATION_MODE = wholemodule;
				SWIFT_OPTIMIZATION_LEVEL = "-O";
				VALIDATE_PRODUCT = YES;
			};
			name = Release;
		};
		55FA437328BE26C4006AC2F8 /* Debug */ = {
			isa = XCBuildConfiguration;
			buildSettings = {
				ASSETCATALOG_COMPILER_APPICON_NAME = AppIcon;
				ASSETCATALOG_COMPILER_GLOBAL_ACCENT_COLOR_NAME = AccentColor;
				CODE_SIGN_STYLE = Automatic;
				CURRENT_PROJECT_VERSION = 1;
				DEVELOPMENT_ASSET_PATHS = "\"uhub/Preview Content\"";
				DEVELOPMENT_TEAM = PW97DDS2VR;
				ENABLE_PREVIEWS = YES;
				GENERATE_INFOPLIST_FILE = YES;
				INFOPLIST_KEY_UIApplicationSceneManifest_Generation = YES;
				INFOPLIST_KEY_UIApplicationSupportsIndirectInputEvents = YES;
				INFOPLIST_KEY_UILaunchScreen_Generation = YES;
				INFOPLIST_KEY_UISupportedInterfaceOrientations_iPad = "UIInterfaceOrientationPortrait UIInterfaceOrientationPortraitUpsideDown UIInterfaceOrientationLandscapeLeft UIInterfaceOrientationLandscapeRight";
				INFOPLIST_KEY_UISupportedInterfaceOrientations_iPhone = "UIInterfaceOrientationPortrait UIInterfaceOrientationLandscapeLeft UIInterfaceOrientationLandscapeRight";
				LD_RUNPATH_SEARCH_PATHS = (
					"$(inherited)",
					"@executable_path/Frameworks",
				);
				MARKETING_VERSION = 1.0;
				PRODUCT_BUNDLE_IDENTIFIER = com.rmit.uhub;
				PRODUCT_NAME = "$(TARGET_NAME)";
				SWIFT_EMIT_LOC_STRINGS = YES;
				SWIFT_VERSION = 5.0;
				TARGETED_DEVICE_FAMILY = "1,2";
			};
			name = Debug;
		};
		55FA437428BE26C4006AC2F8 /* Release */ = {
			isa = XCBuildConfiguration;
			buildSettings = {
				ASSETCATALOG_COMPILER_APPICON_NAME = AppIcon;
				ASSETCATALOG_COMPILER_GLOBAL_ACCENT_COLOR_NAME = AccentColor;
				CODE_SIGN_STYLE = Automatic;
				CURRENT_PROJECT_VERSION = 1;
				DEVELOPMENT_ASSET_PATHS = "\"uhub/Preview Content\"";
				DEVELOPMENT_TEAM = PW97DDS2VR;
				ENABLE_PREVIEWS = YES;
				GENERATE_INFOPLIST_FILE = YES;
				INFOPLIST_KEY_UIApplicationSceneManifest_Generation = YES;
				INFOPLIST_KEY_UIApplicationSupportsIndirectInputEvents = YES;
				INFOPLIST_KEY_UILaunchScreen_Generation = YES;
				INFOPLIST_KEY_UISupportedInterfaceOrientations_iPad = "UIInterfaceOrientationPortrait UIInterfaceOrientationPortraitUpsideDown UIInterfaceOrientationLandscapeLeft UIInterfaceOrientationLandscapeRight";
				INFOPLIST_KEY_UISupportedInterfaceOrientations_iPhone = "UIInterfaceOrientationPortrait UIInterfaceOrientationLandscapeLeft UIInterfaceOrientationLandscapeRight";
				LD_RUNPATH_SEARCH_PATHS = (
					"$(inherited)",
					"@executable_path/Frameworks",
				);
				MARKETING_VERSION = 1.0;
				PRODUCT_BUNDLE_IDENTIFIER = com.rmit.uhub;
				PRODUCT_NAME = "$(TARGET_NAME)";
				SWIFT_EMIT_LOC_STRINGS = YES;
				SWIFT_VERSION = 5.0;
				TARGETED_DEVICE_FAMILY = "1,2";
			};
			name = Release;
		};
/* End XCBuildConfiguration section */

/* Begin XCConfigurationList section */
		55FA435F28BE26BD006AC2F8 /* Build configuration list for PBXProject "uhub" */ = {
			isa = XCConfigurationList;
			buildConfigurations = (
				55FA437028BE26C4006AC2F8 /* Debug */,
				55FA437128BE26C4006AC2F8 /* Release */,
			);
			defaultConfigurationIsVisible = 0;
			defaultConfigurationName = Release;
		};
		55FA437228BE26C4006AC2F8 /* Build configuration list for PBXNativeTarget "uhub" */ = {
			isa = XCConfigurationList;
			buildConfigurations = (
				55FA437328BE26C4006AC2F8 /* Debug */,
				55FA437428BE26C4006AC2F8 /* Release */,
			);
			defaultConfigurationIsVisible = 0;
			defaultConfigurationName = Release;
		};
/* End XCConfigurationList section */

/* Begin XCRemoteSwiftPackageReference section */
		8FDB54A728BF2AA10013816E /* XCRemoteSwiftPackageReference "firebase-ios-sdk" */ = {
			isa = XCRemoteSwiftPackageReference;
			repositoryURL = "https://github.com/firebase/firebase-ios-sdk.git";
			requirement = {
				kind = upToNextMajorVersion;
				minimumVersion = 9.0.0;
			};
		};
/* End XCRemoteSwiftPackageReference section */

/* Begin XCSwiftPackageProductDependency section */
		8FDB54A828BF2AA10013816E /* FirebaseAnalytics */ = {
			isa = XCSwiftPackageProductDependency;
			package = 8FDB54A728BF2AA10013816E /* XCRemoteSwiftPackageReference "firebase-ios-sdk" */;
			productName = FirebaseAnalytics;
		};
		8FDB54AA28BF2AA10013816E /* FirebaseAuth */ = {
			isa = XCSwiftPackageProductDependency;
			package = 8FDB54A728BF2AA10013816E /* XCRemoteSwiftPackageReference "firebase-ios-sdk" */;
			productName = FirebaseAuth;
		};
		8FDB54AC28BF2AA10013816E /* FirebaseCrashlytics */ = {
			isa = XCSwiftPackageProductDependency;
			package = 8FDB54A728BF2AA10013816E /* XCRemoteSwiftPackageReference "firebase-ios-sdk" */;
			productName = FirebaseCrashlytics;
		};
		8FDB54AE28BF2AA10013816E /* FirebaseDatabase */ = {
			isa = XCSwiftPackageProductDependency;
			package = 8FDB54A728BF2AA10013816E /* XCRemoteSwiftPackageReference "firebase-ios-sdk" */;
			productName = FirebaseDatabase;
		};
		8FDB54B028BF2AA10013816E /* FirebaseFirestore */ = {
			isa = XCSwiftPackageProductDependency;
			package = 8FDB54A728BF2AA10013816E /* XCRemoteSwiftPackageReference "firebase-ios-sdk" */;
			productName = FirebaseFirestore;
		};
		8FDB54B228BF2AA10013816E /* FirebaseMessaging */ = {
			isa = XCSwiftPackageProductDependency;
			package = 8FDB54A728BF2AA10013816E /* XCRemoteSwiftPackageReference "firebase-ios-sdk" */;
			productName = FirebaseMessaging;
		};
		8FDB54B428BF2AA10013816E /* FirebaseStorage */ = {
			isa = XCSwiftPackageProductDependency;
			package = 8FDB54A728BF2AA10013816E /* XCRemoteSwiftPackageReference "firebase-ios-sdk" */;
			productName = FirebaseStorage;
		};
/* End XCSwiftPackageProductDependency section */
	};
	rootObject = 55FA435C28BE26BD006AC2F8 /* Project object */;
}
