// !$*UTF8*$!
{
	archiveVersion = 1;
	classes = {
	};
	objectVersion = 55;
	objects = {

/* Begin PBXBuildFile section */
		55FA436828BE26BD006AC2F8 /* uhubApp.swift in Sources */ = {isa = PBXBuildFile; fileRef = 55FA436728BE26BD006AC2F8 /* uhubApp.swift */; };
		55FA436A28BE26BD006AC2F8 /* ContentView.swift in Sources */ = {isa = PBXBuildFile; fileRef = 55FA436928BE26BD006AC2F8 /* ContentView.swift */; };
		55FA436C28BE26C4006AC2F8 /* Assets.xcassets in Resources */ = {isa = PBXBuildFile; fileRef = 55FA436B28BE26C4006AC2F8 /* Assets.xcassets */; };
		55FA436F28BE26C4006AC2F8 /* Preview Assets.xcassets in Resources */ = {isa = PBXBuildFile; fileRef = 55FA436E28BE26C4006AC2F8 /* Preview Assets.xcassets */; };
		8FDB54A928BF2AA10013816E /* FirebaseAnalytics in Frameworks */ = {isa = PBXBuildFile; productRef = 8FDB54A828BF2AA10013816E /* FirebaseAnalytics */; };
		8FDB54AB28BF2AA10013816E /* FirebaseAuth in Frameworks */ = {isa = PBXBuildFile; productRef = 8FDB54AA28BF2AA10013816E /* FirebaseAuth */; };
		8FDB54AD28BF2AA10013816E /* FirebaseCrashlytics in Frameworks */ = {isa = PBXBuildFile; productRef = 8FDB54AC28BF2AA10013816E /* FirebaseCrashlytics */; };
		8FDB54AF28BF2AA10013816E /* FirebaseDatabase in Frameworks */ = {isa = PBXBuildFile; productRef = 8FDB54AE28BF2AA10013816E /* FirebaseDatabase */; };
		8FDB54B128BF2AA10013816E /* FirebaseFirestore in Frameworks */ = {isa = PBXBuildFile; productRef = 8FDB54B028BF2AA10013816E /* FirebaseFirestore */; };
		8FDB54B328BF2AA10013816E /* FirebaseMessaging in Frameworks */ = {isa = PBXBuildFile; productRef = 8FDB54B228BF2AA10013816E /* FirebaseMessaging */; };
		8FDB54B528BF2AA10013816E /* FirebaseStorage in Frameworks */ = {isa = PBXBuildFile; productRef = 8FDB54B428BF2AA10013816E /* FirebaseStorage */; };
		8FDB54B728BF2B4A0013816E /* GoogleService-Info.plist in Resources */ = {isa = PBXBuildFile; fileRef = 8FDB54B628BF2B4A0013816E /* GoogleService-Info.plist */; };
		C133E3F228C6EC65002FFA9E /* ButtonView.swift in Sources */ = {isa = PBXBuildFile; fileRef = C133E3D028C6EC64002FFA9E /* ButtonView.swift */; };
		C133E3F328C6EC65002FFA9E /* TextInputComponent.swift in Sources */ = {isa = PBXBuildFile; fileRef = C133E3D128C6EC64002FFA9E /* TextInputComponent.swift */; };
		C133E3F428C6EC65002FFA9E /* ChatListView.swift in Sources */ = {isa = PBXBuildFile; fileRef = C133E3D228C6EC64002FFA9E /* ChatListView.swift */; };
		C133E3F528C6EC65002FFA9E /* CheckboxView.swift in Sources */ = {isa = PBXBuildFile; fileRef = C133E3D328C6EC64002FFA9E /* CheckboxView.swift */; };
		C133E3F628C6EC65002FFA9E /* InboxView.swift in Sources */ = {isa = PBXBuildFile; fileRef = C133E3D428C6EC64002FFA9E /* InboxView.swift */; };
		C133E3F728C6EC65002FFA9E /* AdaptiveSheet.swift in Sources */ = {isa = PBXBuildFile; fileRef = C133E3D528C6EC64002FFA9E /* AdaptiveSheet.swift */; };
		C133E3F828C6EC65002FFA9E /* MessageDefaultBubble.swift in Sources */ = {isa = PBXBuildFile; fileRef = C133E3D628C6EC64002FFA9E /* MessageDefaultBubble.swift */; };
		C133E3F928C6EC65002FFA9E /* ButtonBindingView.swift in Sources */ = {isa = PBXBuildFile; fileRef = C133E3D728C6EC64002FFA9E /* ButtonBindingView.swift */; };
		C133E3FA28C6EC65002FFA9E /* EditProfileViewModel.swift in Sources */ = {isa = PBXBuildFile; fileRef = C133E3D828C6EC64002FFA9E /* EditProfileViewModel.swift */; };
		C133E3FB28C6EC65002FFA9E /* SplashStyle.swift in Sources */ = {isa = PBXBuildFile; fileRef = C133E3D928C6EC64002FFA9E /* SplashStyle.swift */; };
		C133E3FC28C6EC65002FFA9E /* SignupScreenView.swift in Sources */ = {isa = PBXBuildFile; fileRef = C133E3DA28C6EC64002FFA9E /* SignupScreenView.swift */; };
		C133E3FD28C6EC65002FFA9E /* ChatEngine.swift in Sources */ = {isa = PBXBuildFile; fileRef = C133E3DB28C6EC64002FFA9E /* ChatEngine.swift */; };
		C133E3FE28C6EC65002FFA9E /* SplashView.swift in Sources */ = {isa = PBXBuildFile; fileRef = C133E3DC28C6EC64002FFA9E /* SplashView.swift */; };
		C133E3FF28C6EC65002FFA9E /* PickerInputModal.swift in Sources */ = {isa = PBXBuildFile; fileRef = C133E3DD28C6EC64002FFA9E /* PickerInputModal.swift */; };
		C133E40028C6EC65002FFA9E /* SigninScreenView.swift in Sources */ = {isa = PBXBuildFile; fileRef = C133E3DE28C6EC64002FFA9E /* SigninScreenView.swift */; };
		C133E40128C6EC65002FFA9E /* CongratsView.swift in Sources */ = {isa = PBXBuildFile; fileRef = C133E3DF28C6EC64002FFA9E /* CongratsView.swift */; };
		C133E40228C6EC65002FFA9E /* CongratsModal.swift in Sources */ = {isa = PBXBuildFile; fileRef = C133E3E028C6EC64002FFA9E /* CongratsModal.swift */; };
		C133E40328C6EC65002FFA9E /* Message.swift in Sources */ = {isa = PBXBuildFile; fileRef = C133E3E128C6EC64002FFA9E /* Message.swift */; };
		C133E40428C6EC65002FFA9E /* UserAuthManager.swift in Sources */ = {isa = PBXBuildFile; fileRef = C133E3E228C6EC64002FFA9E /* UserAuthManager.swift */; };
		C133E40528C6EC65002FFA9E /* Conversation.swift in Sources */ = {isa = PBXBuildFile; fileRef = C133E3E328C6EC64002FFA9E /* Conversation.swift */; };
		C133E40628C6EC65002FFA9E /* PickerInputComponent.swift in Sources */ = {isa = PBXBuildFile; fileRef = C133E3E428C6EC64002FFA9E /* PickerInputComponent.swift */; };
		C133E40728C6EC65002FFA9E /* NavigationViewModel.swift in Sources */ = {isa = PBXBuildFile; fileRef = C133E3E528C6EC64002FFA9E /* NavigationViewModel.swift */; };
		C133E40828C6EC65002FFA9E /* CongratsModalStyle.swift in Sources */ = {isa = PBXBuildFile; fileRef = C133E3E628C6EC64002FFA9E /* CongratsModalStyle.swift */; };
		C133E40928C6EC65002FFA9E /* MessageSelfBubble.swift in Sources */ = {isa = PBXBuildFile; fileRef = C133E3E728C6EC64002FFA9E /* MessageSelfBubble.swift */; };
		C133E40A28C6EC65002FFA9E /* ChatListRow.swift in Sources */ = {isa = PBXBuildFile; fileRef = C133E3E828C6EC64002FFA9E /* ChatListRow.swift */; };
		C133E40B28C6EC65002FFA9E /* EditProfileView.swift in Sources */ = {isa = PBXBuildFile; fileRef = C133E3E928C6EC64002FFA9E /* EditProfileView.swift */; };
		C133E40C28C6EC65002FFA9E /* DateHelper.swift in Sources */ = {isa = PBXBuildFile; fileRef = C133E3EA28C6EC64002FFA9E /* DateHelper.swift */; };
		C133E40D28C6EC65002FFA9E /* ImagePicker.swift in Sources */ = {isa = PBXBuildFile; fileRef = C133E3EB28C6EC64002FFA9E /* ImagePicker.swift */; };
		C133E40E28C6EC65002FFA9E /* ErrorMsgView.swift in Sources */ = {isa = PBXBuildFile; fileRef = C133E3EC28C6EC64002FFA9E /* ErrorMsgView.swift */; };
		C133E40F28C6EC65002FFA9E /* CornerRadiusStyle.swift in Sources */ = {isa = PBXBuildFile; fileRef = C133E3ED28C6EC64002FFA9E /* CornerRadiusStyle.swift */; };
		C133E41028C6EC65002FFA9E /* GlobalStyle.swift in Sources */ = {isa = PBXBuildFile; fileRef = C133E3EE28C6EC64002FFA9E /* GlobalStyle.swift */; };
		C133E41128C6EC65002FFA9E /* TextBox.swift in Sources */ = {isa = PBXBuildFile; fileRef = C133E3EF28C6EC64002FFA9E /* TextBox.swift */; };
		C133E41228C6EC65002FFA9E /* StandardHeader.swift in Sources */ = {isa = PBXBuildFile; fileRef = C133E3F028C6EC64002FFA9E /* StandardHeader.swift */; };
		C133E41328C6EC65002FFA9E /* AvatarInput.swift in Sources */ = {isa = PBXBuildFile; fileRef = C133E3F128C6EC64002FFA9E /* AvatarInput.swift */; };
		D540919028C6290C00D8C821 /* NotificationModel.swift in Sources */ = {isa = PBXBuildFile; fileRef = D540918F28C6290C00D8C821 /* NotificationModel.swift */; };
		D54091AE28C6E55E00D8C821 /* Toogle.swift in Sources */ = {isa = PBXBuildFile; fileRef = D54091AD28C6E55E00D8C821 /* Toogle.swift */; };
		D5BDC39028C07AA30001AE94 /* NotificationView.swift in Sources */ = {isa = PBXBuildFile; fileRef = D5BDC38F28C07AA30001AE94 /* NotificationView.swift */; };
		D5BDC39328C07B400001AE94 /* NotificationOption.swift in Sources */ = {isa = PBXBuildFile; fileRef = D5BDC39228C07B3F0001AE94 /* NotificationOption.swift */; };
/* End PBXBuildFile section */

/* Begin PBXFileReference section */
		55FA436428BE26BD006AC2F8 /* uhub.app */ = {isa = PBXFileReference; explicitFileType = wrapper.application; includeInIndex = 0; path = uhub.app; sourceTree = BUILT_PRODUCTS_DIR; };
		55FA436728BE26BD006AC2F8 /* uhubApp.swift */ = {isa = PBXFileReference; lastKnownFileType = sourcecode.swift; path = uhubApp.swift; sourceTree = "<group>"; };
		55FA436928BE26BD006AC2F8 /* ContentView.swift */ = {isa = PBXFileReference; lastKnownFileType = sourcecode.swift; path = ContentView.swift; sourceTree = "<group>"; };
		55FA436B28BE26C4006AC2F8 /* Assets.xcassets */ = {isa = PBXFileReference; lastKnownFileType = folder.assetcatalog; path = Assets.xcassets; sourceTree = "<group>"; };
		55FA436E28BE26C4006AC2F8 /* Preview Assets.xcassets */ = {isa = PBXFileReference; lastKnownFileType = folder.assetcatalog; path = "Preview Assets.xcassets"; sourceTree = "<group>"; };
		8FDB54B628BF2B4A0013816E /* GoogleService-Info.plist */ = {isa = PBXFileReference; fileEncoding = 4; lastKnownFileType = text.plist.xml; path = "GoogleService-Info.plist"; sourceTree = "<group>"; };
		C133E3D028C6EC64002FFA9E /* ButtonView.swift */ = {isa = PBXFileReference; fileEncoding = 4; lastKnownFileType = sourcecode.swift; path = ButtonView.swift; sourceTree = "<group>"; };
		C133E3D128C6EC64002FFA9E /* TextInputComponent.swift */ = {isa = PBXFileReference; fileEncoding = 4; lastKnownFileType = sourcecode.swift; path = TextInputComponent.swift; sourceTree = "<group>"; };
		C133E3D228C6EC64002FFA9E /* ChatListView.swift */ = {isa = PBXFileReference; fileEncoding = 4; lastKnownFileType = sourcecode.swift; path = ChatListView.swift; sourceTree = "<group>"; };
		C133E3D328C6EC64002FFA9E /* CheckboxView.swift */ = {isa = PBXFileReference; fileEncoding = 4; lastKnownFileType = sourcecode.swift; path = CheckboxView.swift; sourceTree = "<group>"; };
		C133E3D428C6EC64002FFA9E /* InboxView.swift */ = {isa = PBXFileReference; fileEncoding = 4; lastKnownFileType = sourcecode.swift; path = InboxView.swift; sourceTree = "<group>"; };
		C133E3D528C6EC64002FFA9E /* AdaptiveSheet.swift */ = {isa = PBXFileReference; fileEncoding = 4; lastKnownFileType = sourcecode.swift; path = AdaptiveSheet.swift; sourceTree = "<group>"; };
		C133E3D628C6EC64002FFA9E /* MessageDefaultBubble.swift */ = {isa = PBXFileReference; fileEncoding = 4; lastKnownFileType = sourcecode.swift; path = MessageDefaultBubble.swift; sourceTree = "<group>"; };
		C133E3D728C6EC64002FFA9E /* ButtonBindingView.swift */ = {isa = PBXFileReference; fileEncoding = 4; lastKnownFileType = sourcecode.swift; path = ButtonBindingView.swift; sourceTree = "<group>"; };
		C133E3D828C6EC64002FFA9E /* EditProfileViewModel.swift */ = {isa = PBXFileReference; fileEncoding = 4; lastKnownFileType = sourcecode.swift; path = EditProfileViewModel.swift; sourceTree = "<group>"; };
		C133E3D928C6EC64002FFA9E /* SplashStyle.swift */ = {isa = PBXFileReference; fileEncoding = 4; lastKnownFileType = sourcecode.swift; path = SplashStyle.swift; sourceTree = "<group>"; };
		C133E3DA28C6EC64002FFA9E /* SignupScreenView.swift */ = {isa = PBXFileReference; fileEncoding = 4; lastKnownFileType = sourcecode.swift; path = SignupScreenView.swift; sourceTree = "<group>"; };
		C133E3DB28C6EC64002FFA9E /* ChatEngine.swift */ = {isa = PBXFileReference; fileEncoding = 4; lastKnownFileType = sourcecode.swift; path = ChatEngine.swift; sourceTree = "<group>"; };
		C133E3DC28C6EC64002FFA9E /* SplashView.swift */ = {isa = PBXFileReference; fileEncoding = 4; lastKnownFileType = sourcecode.swift; path = SplashView.swift; sourceTree = "<group>"; };
		C133E3DD28C6EC64002FFA9E /* PickerInputModal.swift */ = {isa = PBXFileReference; fileEncoding = 4; lastKnownFileType = sourcecode.swift; path = PickerInputModal.swift; sourceTree = "<group>"; };
		C133E3DE28C6EC64002FFA9E /* SigninScreenView.swift */ = {isa = PBXFileReference; fileEncoding = 4; lastKnownFileType = sourcecode.swift; path = SigninScreenView.swift; sourceTree = "<group>"; };
		C133E3DF28C6EC64002FFA9E /* CongratsView.swift */ = {isa = PBXFileReference; fileEncoding = 4; lastKnownFileType = sourcecode.swift; path = CongratsView.swift; sourceTree = "<group>"; };
		C133E3E028C6EC64002FFA9E /* CongratsModal.swift */ = {isa = PBXFileReference; fileEncoding = 4; lastKnownFileType = sourcecode.swift; path = CongratsModal.swift; sourceTree = "<group>"; };
		C133E3E128C6EC64002FFA9E /* Message.swift */ = {isa = PBXFileReference; fileEncoding = 4; lastKnownFileType = sourcecode.swift; path = Message.swift; sourceTree = "<group>"; };
		C133E3E228C6EC64002FFA9E /* UserAuthManager.swift */ = {isa = PBXFileReference; fileEncoding = 4; lastKnownFileType = sourcecode.swift; path = UserAuthManager.swift; sourceTree = "<group>"; };
		C133E3E328C6EC64002FFA9E /* Conversation.swift */ = {isa = PBXFileReference; fileEncoding = 4; lastKnownFileType = sourcecode.swift; path = Conversation.swift; sourceTree = "<group>"; };
		C133E3E428C6EC64002FFA9E /* PickerInputComponent.swift */ = {isa = PBXFileReference; fileEncoding = 4; lastKnownFileType = sourcecode.swift; path = PickerInputComponent.swift; sourceTree = "<group>"; };
		C133E3E528C6EC64002FFA9E /* NavigationViewModel.swift */ = {isa = PBXFileReference; fileEncoding = 4; lastKnownFileType = sourcecode.swift; path = NavigationViewModel.swift; sourceTree = "<group>"; };
		C133E3E628C6EC64002FFA9E /* CongratsModalStyle.swift */ = {isa = PBXFileReference; fileEncoding = 4; lastKnownFileType = sourcecode.swift; path = CongratsModalStyle.swift; sourceTree = "<group>"; };
		C133E3E728C6EC64002FFA9E /* MessageSelfBubble.swift */ = {isa = PBXFileReference; fileEncoding = 4; lastKnownFileType = sourcecode.swift; path = MessageSelfBubble.swift; sourceTree = "<group>"; };
		C133E3E828C6EC64002FFA9E /* ChatListRow.swift */ = {isa = PBXFileReference; fileEncoding = 4; lastKnownFileType = sourcecode.swift; path = ChatListRow.swift; sourceTree = "<group>"; };
		C133E3E928C6EC64002FFA9E /* EditProfileView.swift */ = {isa = PBXFileReference; fileEncoding = 4; lastKnownFileType = sourcecode.swift; path = EditProfileView.swift; sourceTree = "<group>"; };
		C133E3EA28C6EC64002FFA9E /* DateHelper.swift */ = {isa = PBXFileReference; fileEncoding = 4; lastKnownFileType = sourcecode.swift; path = DateHelper.swift; sourceTree = "<group>"; };
		C133E3EB28C6EC64002FFA9E /* ImagePicker.swift */ = {isa = PBXFileReference; fileEncoding = 4; lastKnownFileType = sourcecode.swift; path = ImagePicker.swift; sourceTree = "<group>"; };
		C133E3EC28C6EC64002FFA9E /* ErrorMsgView.swift */ = {isa = PBXFileReference; fileEncoding = 4; lastKnownFileType = sourcecode.swift; path = ErrorMsgView.swift; sourceTree = "<group>"; };
		C133E3ED28C6EC64002FFA9E /* CornerRadiusStyle.swift */ = {isa = PBXFileReference; fileEncoding = 4; lastKnownFileType = sourcecode.swift; path = CornerRadiusStyle.swift; sourceTree = "<group>"; };
		C133E3EE28C6EC64002FFA9E /* GlobalStyle.swift */ = {isa = PBXFileReference; fileEncoding = 4; lastKnownFileType = sourcecode.swift; path = GlobalStyle.swift; sourceTree = "<group>"; };
		C133E3EF28C6EC64002FFA9E /* TextBox.swift */ = {isa = PBXFileReference; fileEncoding = 4; lastKnownFileType = sourcecode.swift; path = TextBox.swift; sourceTree = "<group>"; };
		C133E3F028C6EC64002FFA9E /* StandardHeader.swift */ = {isa = PBXFileReference; fileEncoding = 4; lastKnownFileType = sourcecode.swift; path = StandardHeader.swift; sourceTree = "<group>"; };
		C133E3F128C6EC64002FFA9E /* AvatarInput.swift */ = {isa = PBXFileReference; fileEncoding = 4; lastKnownFileType = sourcecode.swift; path = AvatarInput.swift; sourceTree = "<group>"; };
		D540918F28C6290C00D8C821 /* NotificationModel.swift */ = {isa = PBXFileReference; lastKnownFileType = sourcecode.swift; path = NotificationModel.swift; sourceTree = "<group>"; };
		D54091AD28C6E55E00D8C821 /* Toogle.swift */ = {isa = PBXFileReference; lastKnownFileType = sourcecode.swift; path = Toogle.swift; sourceTree = "<group>"; };
		D5BDC38F28C07AA30001AE94 /* NotificationView.swift */ = {isa = PBXFileReference; lastKnownFileType = sourcecode.swift; path = NotificationView.swift; sourceTree = "<group>"; };
		D5BDC39228C07B3F0001AE94 /* NotificationOption.swift */ = {isa = PBXFileReference; lastKnownFileType = sourcecode.swift; path = NotificationOption.swift; sourceTree = "<group>"; };
/* End PBXFileReference section */

/* Begin PBXFrameworksBuildPhase section */
		55FA436128BE26BD006AC2F8 /* Frameworks */ = {
			isa = PBXFrameworksBuildPhase;
			buildActionMask = 2147483647;
			files = (
				8FDB54B328BF2AA10013816E /* FirebaseMessaging in Frameworks */,
				8FDB54AD28BF2AA10013816E /* FirebaseCrashlytics in Frameworks */,
				8FDB54A928BF2AA10013816E /* FirebaseAnalytics in Frameworks */,
				8FDB54AF28BF2AA10013816E /* FirebaseDatabase in Frameworks */,
				8FDB54B528BF2AA10013816E /* FirebaseStorage in Frameworks */,
				8FDB54B128BF2AA10013816E /* FirebaseFirestore in Frameworks */,
				8FDB54AB28BF2AA10013816E /* FirebaseAuth in Frameworks */,
			);
			runOnlyForDeploymentPostprocessing = 0;
		};
/* End PBXFrameworksBuildPhase section */

/* Begin PBXGroup section */
		55FA435B28BE26BD006AC2F8 = {
			isa = PBXGroup;
			children = (
				55FA436628BE26BD006AC2F8 /* uhub */,
				55FA436528BE26BD006AC2F8 /* Products */,
			);
			sourceTree = "<group>";
		};
		55FA436528BE26BD006AC2F8 /* Products */ = {
			isa = PBXGroup;
			children = (
				55FA436428BE26BD006AC2F8 /* uhub.app */,
			);
			name = Products;
			sourceTree = "<group>";
		};
		55FA436628BE26BD006AC2F8 /* uhub */ = {
			isa = PBXGroup;
			children = (
				C133E3D528C6EC64002FFA9E /* AdaptiveSheet.swift */,
				C133E3F128C6EC64002FFA9E /* AvatarInput.swift */,
				C133E3D728C6EC64002FFA9E /* ButtonBindingView.swift */,
				C133E3D028C6EC64002FFA9E /* ButtonView.swift */,
				C133E3DB28C6EC64002FFA9E /* ChatEngine.swift */,
				C133E3E828C6EC64002FFA9E /* ChatListRow.swift */,
				C133E3D228C6EC64002FFA9E /* ChatListView.swift */,
				C133E3D328C6EC64002FFA9E /* CheckboxView.swift */,
				C133E3E028C6EC64002FFA9E /* CongratsModal.swift */,
				C133E3E628C6EC64002FFA9E /* CongratsModalStyle.swift */,
				C133E3DF28C6EC64002FFA9E /* CongratsView.swift */,
				C133E3E328C6EC64002FFA9E /* Conversation.swift */,
				C133E3ED28C6EC64002FFA9E /* CornerRadiusStyle.swift */,
				C133E3EA28C6EC64002FFA9E /* DateHelper.swift */,
				C133E3E928C6EC64002FFA9E /* EditProfileView.swift */,
				C133E3D828C6EC64002FFA9E /* EditProfileViewModel.swift */,
				C133E3EC28C6EC64002FFA9E /* ErrorMsgView.swift */,
				C133E3EE28C6EC64002FFA9E /* GlobalStyle.swift */,
				C133E3EB28C6EC64002FFA9E /* ImagePicker.swift */,
				C133E3D428C6EC64002FFA9E /* InboxView.swift */,
				C133E3E128C6EC64002FFA9E /* Message.swift */,
				C133E3D628C6EC64002FFA9E /* MessageDefaultBubble.swift */,
				C133E3E728C6EC64002FFA9E /* MessageSelfBubble.swift */,
				C133E3E528C6EC64002FFA9E /* NavigationViewModel.swift */,
				C133E3E428C6EC64002FFA9E /* PickerInputComponent.swift */,
				C133E3DD28C6EC64002FFA9E /* PickerInputModal.swift */,
				C133E3DE28C6EC64002FFA9E /* SigninScreenView.swift */,
				C133E3DA28C6EC64002FFA9E /* SignupScreenView.swift */,
				C133E3D928C6EC64002FFA9E /* SplashStyle.swift */,
				C133E3DC28C6EC64002FFA9E /* SplashView.swift */,
				C133E3F028C6EC64002FFA9E /* StandardHeader.swift */,
				C133E3EF28C6EC64002FFA9E /* TextBox.swift */,
				C133E3D128C6EC64002FFA9E /* TextInputComponent.swift */,
				C133E3E228C6EC64002FFA9E /* UserAuthManager.swift */,
				55FA436728BE26BD006AC2F8 /* uhubApp.swift */,
				55FA436928BE26BD006AC2F8 /* ContentView.swift */,
				D540918E28C628F000D8C821 /* Model */,
				D5BDC39128C07B290001AE94 /* Components */,
				D5BDC38E28C07A8C0001AE94 /* Views */,
				8FDB54B628BF2B4A0013816E /* GoogleService-Info.plist */,
				55FA436B28BE26C4006AC2F8 /* Assets.xcassets */,
				55FA436D28BE26C4006AC2F8 /* Preview Content */,
			);
			path = uhub;
			sourceTree = "<group>";
		};
		55FA436D28BE26C4006AC2F8 /* Preview Content */ = {
			isa = PBXGroup;
			children = (
				55FA436E28BE26C4006AC2F8 /* Preview Assets.xcassets */,
			);
			path = "Preview Content";
			sourceTree = "<group>";
		};
		D540918E28C628F000D8C821 /* Model */ = {
			isa = PBXGroup;
			children = (
				D540918F28C6290C00D8C821 /* NotificationModel.swift */,
			);
			name = Model;
			sourceTree = "<group>";
		};
		D5BDC38E28C07A8C0001AE94 /* Views */ = {
			isa = PBXGroup;
			children = (
				D5BDC38F28C07AA30001AE94 /* NotificationView.swift */,
			);
			name = Views;
			sourceTree = "<group>";
		};
		D5BDC39128C07B290001AE94 /* Components */ = {
			isa = PBXGroup;
			children = (
				D5BDC39228C07B3F0001AE94 /* NotificationOption.swift */,
				D54091AD28C6E55E00D8C821 /* Toogle.swift */,
			);
			name = Components;
			sourceTree = "<group>";
		};
/* End PBXGroup section */

/* Begin PBXNativeTarget section */
		55FA436328BE26BD006AC2F8 /* uhub */ = {
			isa = PBXNativeTarget;
			buildConfigurationList = 55FA437228BE26C4006AC2F8 /* Build configuration list for PBXNativeTarget "uhub" */;
			buildPhases = (
				55FA436028BE26BD006AC2F8 /* Sources */,
				55FA436128BE26BD006AC2F8 /* Frameworks */,
				55FA436228BE26BD006AC2F8 /* Resources */,
			);
			buildRules = (
			);
			dependencies = (
			);
			name = uhub;
			packageProductDependencies = (
				8FDB54A828BF2AA10013816E /* FirebaseAnalytics */,
				8FDB54AA28BF2AA10013816E /* FirebaseAuth */,
				8FDB54AC28BF2AA10013816E /* FirebaseCrashlytics */,
				8FDB54AE28BF2AA10013816E /* FirebaseDatabase */,
				8FDB54B028BF2AA10013816E /* FirebaseFirestore */,
				8FDB54B228BF2AA10013816E /* FirebaseMessaging */,
				8FDB54B428BF2AA10013816E /* FirebaseStorage */,
			);
			productName = uhub;
			productReference = 55FA436428BE26BD006AC2F8 /* uhub.app */;
			productType = "com.apple.product-type.application";
		};
/* End PBXNativeTarget section */

/* Begin PBXProject section */
		55FA435C28BE26BD006AC2F8 /* Project object */ = {
			isa = PBXProject;
			attributes = {
				BuildIndependentTargetsInParallel = 1;
				LastSwiftUpdateCheck = 1340;
				LastUpgradeCheck = 1340;
				TargetAttributes = {
					55FA436328BE26BD006AC2F8 = {
						CreatedOnToolsVersion = 13.4.1;
					};
				};
			};
			buildConfigurationList = 55FA435F28BE26BD006AC2F8 /* Build configuration list for PBXProject "uhub" */;
			compatibilityVersion = "Xcode 13.0";
			developmentRegion = en;
			hasScannedForEncodings = 0;
			knownRegions = (
				en,
				Base,
			);
			mainGroup = 55FA435B28BE26BD006AC2F8;
			packageReferences = (
				8FDB54A728BF2AA10013816E /* XCRemoteSwiftPackageReference "firebase-ios-sdk" */,
			);
			productRefGroup = 55FA436528BE26BD006AC2F8 /* Products */;
			projectDirPath = "";
			projectRoot = "";
			targets = (
				55FA436328BE26BD006AC2F8 /* uhub */,
			);
		};
/* End PBXProject section */

/* Begin PBXResourcesBuildPhase section */
		55FA436228BE26BD006AC2F8 /* Resources */ = {
			isa = PBXResourcesBuildPhase;
			buildActionMask = 2147483647;
			files = (
				55FA436F28BE26C4006AC2F8 /* Preview Assets.xcassets in Resources */,
				55FA436C28BE26C4006AC2F8 /* Assets.xcassets in Resources */,
				8FDB54B728BF2B4A0013816E /* GoogleService-Info.plist in Resources */,
			);
			runOnlyForDeploymentPostprocessing = 0;
		};
/* End PBXResourcesBuildPhase section */

/* Begin PBXSourcesBuildPhase section */
		55FA436028BE26BD006AC2F8 /* Sources */ = {
			isa = PBXSourcesBuildPhase;
			buildActionMask = 2147483647;
			files = (
				C133E3FF28C6EC65002FFA9E /* PickerInputModal.swift in Sources */,
				C133E40928C6EC65002FFA9E /* MessageSelfBubble.swift in Sources */,
				C133E40B28C6EC65002FFA9E /* EditProfileView.swift in Sources */,
				C133E40D28C6EC65002FFA9E /* ImagePicker.swift in Sources */,
				55FA436A28BE26BD006AC2F8 /* ContentView.swift in Sources */,
				C133E40428C6EC65002FFA9E /* UserAuthManager.swift in Sources */,
				C133E3FD28C6EC65002FFA9E /* ChatEngine.swift in Sources */,
				C133E41028C6EC65002FFA9E /* GlobalStyle.swift in Sources */,
				C133E3F728C6EC65002FFA9E /* AdaptiveSheet.swift in Sources */,
				C133E40F28C6EC65002FFA9E /* CornerRadiusStyle.swift in Sources */,
				C133E40028C6EC65002FFA9E /* SigninScreenView.swift in Sources */,
				C133E40A28C6EC65002FFA9E /* ChatListRow.swift in Sources */,
				C133E40C28C6EC65002FFA9E /* DateHelper.swift in Sources */,
				C133E3FC28C6EC65002FFA9E /* SignupScreenView.swift in Sources */,
				C133E41128C6EC65002FFA9E /* TextBox.swift in Sources */,
				C133E40628C6EC65002FFA9E /* PickerInputComponent.swift in Sources */,
				D54091AE28C6E55E00D8C821 /* Toogle.swift in Sources */,
				55FA436828BE26BD006AC2F8 /* uhubApp.swift in Sources */,
				C133E3F528C6EC65002FFA9E /* CheckboxView.swift in Sources */,
				C133E41328C6EC65002FFA9E /* AvatarInput.swift in Sources */,
				C133E3F328C6EC65002FFA9E /* TextInputComponent.swift in Sources */,
				C133E3F428C6EC65002FFA9E /* ChatListView.swift in Sources */,
				C133E40528C6EC65002FFA9E /* Conversation.swift in Sources */,
				C133E3F828C6EC65002FFA9E /* MessageDefaultBubble.swift in Sources */,
				C133E3FB28C6EC65002FFA9E /* SplashStyle.swift in Sources */,
				C133E41228C6EC65002FFA9E /* StandardHeader.swift in Sources */,
				D5BDC39028C07AA30001AE94 /* NotificationView.swift in Sources */,
				D540919028C6290C00D8C821 /* NotificationModel.swift in Sources */,
				C133E3FE28C6EC65002FFA9E /* SplashView.swift in Sources */,
				D5BDC39328C07B400001AE94 /* NotificationOption.swift in Sources */,
				C133E3F628C6EC65002FFA9E /* InboxView.swift in Sources */,
				C133E40228C6EC65002FFA9E /* CongratsModal.swift in Sources */,
				C133E3FA28C6EC65002FFA9E /* EditProfileViewModel.swift in Sources */,
				C133E3F928C6EC65002FFA9E /* ButtonBindingView.swift in Sources */,
				C133E40E28C6EC65002FFA9E /* ErrorMsgView.swift in Sources */,
				C133E40728C6EC65002FFA9E /* NavigationViewModel.swift in Sources */,
				C133E40828C6EC65002FFA9E /* CongratsModalStyle.swift in Sources */,
				C133E40328C6EC65002FFA9E /* Message.swift in Sources */,
				C133E3F228C6EC65002FFA9E /* ButtonView.swift in Sources */,
				C133E40128C6EC65002FFA9E /* CongratsView.swift in Sources */,
			);
			runOnlyForDeploymentPostprocessing = 0;
		};
/* End PBXSourcesBuildPhase section */

/* Begin XCBuildConfiguration section */
		55FA437028BE26C4006AC2F8 /* Debug */ = {
			isa = XCBuildConfiguration;
			buildSettings = {
				ALWAYS_SEARCH_USER_PATHS = NO;
				CLANG_ANALYZER_NONNULL = YES;
				CLANG_ANALYZER_NUMBER_OBJECT_CONVERSION = YES_AGGRESSIVE;
				CLANG_CXX_LANGUAGE_STANDARD = "gnu++17";
				CLANG_ENABLE_MODULES = YES;
				CLANG_ENABLE_OBJC_ARC = YES;
				CLANG_ENABLE_OBJC_WEAK = YES;
				CLANG_WARN_BLOCK_CAPTURE_AUTORELEASING = YES;
				CLANG_WARN_BOOL_CONVERSION = YES;
				CLANG_WARN_COMMA = YES;
				CLANG_WARN_CONSTANT_CONVERSION = YES;
				CLANG_WARN_DEPRECATED_OBJC_IMPLEMENTATIONS = YES;
				CLANG_WARN_DIRECT_OBJC_ISA_USAGE = YES_ERROR;
				CLANG_WARN_DOCUMENTATION_COMMENTS = YES;
				CLANG_WARN_EMPTY_BODY = YES;
				CLANG_WARN_ENUM_CONVERSION = YES;
				CLANG_WARN_INFINITE_RECURSION = YES;
				CLANG_WARN_INT_CONVERSION = YES;
				CLANG_WARN_NON_LITERAL_NULL_CONVERSION = YES;
				CLANG_WARN_OBJC_IMPLICIT_RETAIN_SELF = YES;
				CLANG_WARN_OBJC_LITERAL_CONVERSION = YES;
				CLANG_WARN_OBJC_ROOT_CLASS = YES_ERROR;
				CLANG_WARN_QUOTED_INCLUDE_IN_FRAMEWORK_HEADER = YES;
				CLANG_WARN_RANGE_LOOP_ANALYSIS = YES;
				CLANG_WARN_STRICT_PROTOTYPES = YES;
				CLANG_WARN_SUSPICIOUS_MOVE = YES;
				CLANG_WARN_UNGUARDED_AVAILABILITY = YES_AGGRESSIVE;
				CLANG_WARN_UNREACHABLE_CODE = YES;
				CLANG_WARN__DUPLICATE_METHOD_MATCH = YES;
				COPY_PHASE_STRIP = NO;
				DEBUG_INFORMATION_FORMAT = dwarf;
				ENABLE_STRICT_OBJC_MSGSEND = YES;
				ENABLE_TESTABILITY = YES;
				GCC_C_LANGUAGE_STANDARD = gnu11;
				GCC_DYNAMIC_NO_PIC = NO;
				GCC_NO_COMMON_BLOCKS = YES;
				GCC_OPTIMIZATION_LEVEL = 0;
				GCC_PREPROCESSOR_DEFINITIONS = (
					"DEBUG=1",
					"$(inherited)",
				);
				GCC_WARN_64_TO_32_BIT_CONVERSION = YES;
				GCC_WARN_ABOUT_RETURN_TYPE = YES_ERROR;
				GCC_WARN_UNDECLARED_SELECTOR = YES;
				GCC_WARN_UNINITIALIZED_AUTOS = YES_AGGRESSIVE;
				GCC_WARN_UNUSED_FUNCTION = YES;
				GCC_WARN_UNUSED_VARIABLE = YES;
				IPHONEOS_DEPLOYMENT_TARGET = 15.5;
				MTL_ENABLE_DEBUG_INFO = INCLUDE_SOURCE;
				MTL_FAST_MATH = YES;
				ONLY_ACTIVE_ARCH = YES;
				SDKROOT = iphoneos;
				SWIFT_ACTIVE_COMPILATION_CONDITIONS = DEBUG;
				SWIFT_OPTIMIZATION_LEVEL = "-Onone";
			};
			name = Debug;
		};
		55FA437128BE26C4006AC2F8 /* Release */ = {
			isa = XCBuildConfiguration;
			buildSettings = {
				ALWAYS_SEARCH_USER_PATHS = NO;
				CLANG_ANALYZER_NONNULL = YES;
				CLANG_ANALYZER_NUMBER_OBJECT_CONVERSION = YES_AGGRESSIVE;
				CLANG_CXX_LANGUAGE_STANDARD = "gnu++17";
				CLANG_ENABLE_MODULES = YES;
				CLANG_ENABLE_OBJC_ARC = YES;
				CLANG_ENABLE_OBJC_WEAK = YES;
				CLANG_WARN_BLOCK_CAPTURE_AUTORELEASING = YES;
				CLANG_WARN_BOOL_CONVERSION = YES;
				CLANG_WARN_COMMA = YES;
				CLANG_WARN_CONSTANT_CONVERSION = YES;
				CLANG_WARN_DEPRECATED_OBJC_IMPLEMENTATIONS = YES;
				CLANG_WARN_DIRECT_OBJC_ISA_USAGE = YES_ERROR;
				CLANG_WARN_DOCUMENTATION_COMMENTS = YES;
				CLANG_WARN_EMPTY_BODY = YES;
				CLANG_WARN_ENUM_CONVERSION = YES;
				CLANG_WARN_INFINITE_RECURSION = YES;
				CLANG_WARN_INT_CONVERSION = YES;
				CLANG_WARN_NON_LITERAL_NULL_CONVERSION = YES;
				CLANG_WARN_OBJC_IMPLICIT_RETAIN_SELF = YES;
				CLANG_WARN_OBJC_LITERAL_CONVERSION = YES;
				CLANG_WARN_OBJC_ROOT_CLASS = YES_ERROR;
				CLANG_WARN_QUOTED_INCLUDE_IN_FRAMEWORK_HEADER = YES;
				CLANG_WARN_RANGE_LOOP_ANALYSIS = YES;
				CLANG_WARN_STRICT_PROTOTYPES = YES;
				CLANG_WARN_SUSPICIOUS_MOVE = YES;
				CLANG_WARN_UNGUARDED_AVAILABILITY = YES_AGGRESSIVE;
				CLANG_WARN_UNREACHABLE_CODE = YES;
				CLANG_WARN__DUPLICATE_METHOD_MATCH = YES;
				COPY_PHASE_STRIP = NO;
				DEBUG_INFORMATION_FORMAT = "dwarf-with-dsym";
				ENABLE_NS_ASSERTIONS = NO;
				ENABLE_STRICT_OBJC_MSGSEND = YES;
				GCC_C_LANGUAGE_STANDARD = gnu11;
				GCC_NO_COMMON_BLOCKS = YES;
				GCC_WARN_64_TO_32_BIT_CONVERSION = YES;
				GCC_WARN_ABOUT_RETURN_TYPE = YES_ERROR;
				GCC_WARN_UNDECLARED_SELECTOR = YES;
				GCC_WARN_UNINITIALIZED_AUTOS = YES_AGGRESSIVE;
				GCC_WARN_UNUSED_FUNCTION = YES;
				GCC_WARN_UNUSED_VARIABLE = YES;
				IPHONEOS_DEPLOYMENT_TARGET = 15.5;
				MTL_ENABLE_DEBUG_INFO = NO;
				MTL_FAST_MATH = YES;
				SDKROOT = iphoneos;
				SWIFT_COMPILATION_MODE = wholemodule;
				SWIFT_OPTIMIZATION_LEVEL = "-O";
				VALIDATE_PRODUCT = YES;
			};
			name = Release;
		};
		55FA437328BE26C4006AC2F8 /* Debug */ = {
			isa = XCBuildConfiguration;
			buildSettings = {
				ASSETCATALOG_COMPILER_APPICON_NAME = AppIcon;
				ASSETCATALOG_COMPILER_GLOBAL_ACCENT_COLOR_NAME = AccentColor;
				CODE_SIGN_STYLE = Automatic;
				CURRENT_PROJECT_VERSION = 1;
				DEVELOPMENT_ASSET_PATHS = "\"uhub/Preview Content\"";
				DEVELOPMENT_TEAM = PW97DDS2VR;
				ENABLE_PREVIEWS = YES;
				GENERATE_INFOPLIST_FILE = YES;
				INFOPLIST_KEY_UIApplicationSceneManifest_Generation = YES;
				INFOPLIST_KEY_UIApplicationSupportsIndirectInputEvents = YES;
				INFOPLIST_KEY_UILaunchScreen_Generation = YES;
				INFOPLIST_KEY_UISupportedInterfaceOrientations_iPad = "UIInterfaceOrientationPortrait UIInterfaceOrientationPortraitUpsideDown UIInterfaceOrientationLandscapeLeft UIInterfaceOrientationLandscapeRight";
				INFOPLIST_KEY_UISupportedInterfaceOrientations_iPhone = "UIInterfaceOrientationPortrait UIInterfaceOrientationLandscapeLeft UIInterfaceOrientationLandscapeRight";
				LD_RUNPATH_SEARCH_PATHS = (
					"$(inherited)",
					"@executable_path/Frameworks",
				);
				MARKETING_VERSION = 1.0;
				PRODUCT_BUNDLE_IDENTIFIER = com.rmit.uhub;
				PRODUCT_NAME = "$(TARGET_NAME)";
				SWIFT_EMIT_LOC_STRINGS = YES;
				SWIFT_VERSION = 5.0;
				TARGETED_DEVICE_FAMILY = "1,2";
			};
			name = Debug;
		};
		55FA437428BE26C4006AC2F8 /* Release */ = {
			isa = XCBuildConfiguration;
			buildSettings = {
				ASSETCATALOG_COMPILER_APPICON_NAME = AppIcon;
				ASSETCATALOG_COMPILER_GLOBAL_ACCENT_COLOR_NAME = AccentColor;
				CODE_SIGN_STYLE = Automatic;
				CURRENT_PROJECT_VERSION = 1;
				DEVELOPMENT_ASSET_PATHS = "\"uhub/Preview Content\"";
				DEVELOPMENT_TEAM = PW97DDS2VR;
				ENABLE_PREVIEWS = YES;
				GENERATE_INFOPLIST_FILE = YES;
				INFOPLIST_KEY_UIApplicationSceneManifest_Generation = YES;
				INFOPLIST_KEY_UIApplicationSupportsIndirectInputEvents = YES;
				INFOPLIST_KEY_UILaunchScreen_Generation = YES;
				INFOPLIST_KEY_UISupportedInterfaceOrientations_iPad = "UIInterfaceOrientationPortrait UIInterfaceOrientationPortraitUpsideDown UIInterfaceOrientationLandscapeLeft UIInterfaceOrientationLandscapeRight";
				INFOPLIST_KEY_UISupportedInterfaceOrientations_iPhone = "UIInterfaceOrientationPortrait UIInterfaceOrientationLandscapeLeft UIInterfaceOrientationLandscapeRight";
				LD_RUNPATH_SEARCH_PATHS = (
					"$(inherited)",
					"@executable_path/Frameworks",
				);
				MARKETING_VERSION = 1.0;
				PRODUCT_BUNDLE_IDENTIFIER = com.rmit.uhub;
				PRODUCT_NAME = "$(TARGET_NAME)";
				SWIFT_EMIT_LOC_STRINGS = YES;
				SWIFT_VERSION = 5.0;
				TARGETED_DEVICE_FAMILY = "1,2";
			};
			name = Release;
		};
/* End XCBuildConfiguration section */

/* Begin XCConfigurationList section */
		55FA435F28BE26BD006AC2F8 /* Build configuration list for PBXProject "uhub" */ = {
			isa = XCConfigurationList;
			buildConfigurations = (
				55FA437028BE26C4006AC2F8 /* Debug */,
				55FA437128BE26C4006AC2F8 /* Release */,
			);
			defaultConfigurationIsVisible = 0;
			defaultConfigurationName = Release;
		};
		55FA437228BE26C4006AC2F8 /* Build configuration list for PBXNativeTarget "uhub" */ = {
			isa = XCConfigurationList;
			buildConfigurations = (
				55FA437328BE26C4006AC2F8 /* Debug */,
				55FA437428BE26C4006AC2F8 /* Release */,
			);
			defaultConfigurationIsVisible = 0;
			defaultConfigurationName = Release;
		};
/* End XCConfigurationList section */

/* Begin XCRemoteSwiftPackageReference section */
		8FDB54A728BF2AA10013816E /* XCRemoteSwiftPackageReference "firebase-ios-sdk" */ = {
			isa = XCRemoteSwiftPackageReference;
			repositoryURL = "https://github.com/firebase/firebase-ios-sdk.git";
			requirement = {
				kind = upToNextMajorVersion;
				minimumVersion = 9.0.0;
			};
		};
/* End XCRemoteSwiftPackageReference section */

/* Begin XCSwiftPackageProductDependency section */
		8FDB54A828BF2AA10013816E /* FirebaseAnalytics */ = {
			isa = XCSwiftPackageProductDependency;
			package = 8FDB54A728BF2AA10013816E /* XCRemoteSwiftPackageReference "firebase-ios-sdk" */;
			productName = FirebaseAnalytics;
		};
		8FDB54AA28BF2AA10013816E /* FirebaseAuth */ = {
			isa = XCSwiftPackageProductDependency;
			package = 8FDB54A728BF2AA10013816E /* XCRemoteSwiftPackageReference "firebase-ios-sdk" */;
			productName = FirebaseAuth;
		};
		8FDB54AC28BF2AA10013816E /* FirebaseCrashlytics */ = {
			isa = XCSwiftPackageProductDependency;
			package = 8FDB54A728BF2AA10013816E /* XCRemoteSwiftPackageReference "firebase-ios-sdk" */;
			productName = FirebaseCrashlytics;
		};
		8FDB54AE28BF2AA10013816E /* FirebaseDatabase */ = {
			isa = XCSwiftPackageProductDependency;
			package = 8FDB54A728BF2AA10013816E /* XCRemoteSwiftPackageReference "firebase-ios-sdk" */;
			productName = FirebaseDatabase;
		};
		8FDB54B028BF2AA10013816E /* FirebaseFirestore */ = {
			isa = XCSwiftPackageProductDependency;
			package = 8FDB54A728BF2AA10013816E /* XCRemoteSwiftPackageReference "firebase-ios-sdk" */;
			productName = FirebaseFirestore;
		};
		8FDB54B228BF2AA10013816E /* FirebaseMessaging */ = {
			isa = XCSwiftPackageProductDependency;
			package = 8FDB54A728BF2AA10013816E /* XCRemoteSwiftPackageReference "firebase-ios-sdk" */;
			productName = FirebaseMessaging;
		};
		8FDB54B428BF2AA10013816E /* FirebaseStorage */ = {
			isa = XCSwiftPackageProductDependency;
			package = 8FDB54A728BF2AA10013816E /* XCRemoteSwiftPackageReference "firebase-ios-sdk" */;
			productName = FirebaseStorage;
		};
/* End XCSwiftPackageProductDependency section */
	};
	rootObject = 55FA435C28BE26BD006AC2F8 /* Project object */;
}
