// !$*UTF8*$!
{
	archiveVersion = 1;
	classes = {
	};
	objectVersion = 55;
	objects = {

/* Begin PBXBuildFile section */
		55FA436C28BE26C4006AC2F8 /* Assets.xcassets in Resources */ = {isa = PBXBuildFile; fileRef = 55FA436B28BE26C4006AC2F8 /* Assets.xcassets */; };
		55FA436F28BE26C4006AC2F8 /* Preview Assets.xcassets in Resources */ = {isa = PBXBuildFile; fileRef = 55FA436E28BE26C4006AC2F8 /* Preview Assets.xcassets */; };
		8F932B7B28C751EE00FAC04B /* View_Congrats.swift in Sources */ = {isa = PBXBuildFile; fileRef = 8F932B4F28C751EC00FAC04B /* View_Congrats.swift */; };
		8F932B7C28C751EE00FAC04B /* ViewModel_EditProfile.swift in Sources */ = {isa = PBXBuildFile; fileRef = 8F932B5028C751EC00FAC04B /* ViewModel_EditProfile.swift */; };
		8F932B7D28C751EE00FAC04B /* Comp_PickerInputModal.swift in Sources */ = {isa = PBXBuildFile; fileRef = 8F932B5128C751EC00FAC04B /* Comp_PickerInputModal.swift */; };
		8F932B7E28C751EE00FAC04B /* Comp_MessageDefaultBubble.swift in Sources */ = {isa = PBXBuildFile; fileRef = 8F932B5228C751EC00FAC04B /* Comp_MessageDefaultBubble.swift */; };
		8F932B7F28C751EE00FAC04B /* Comp_Checkbox.swift in Sources */ = {isa = PBXBuildFile; fileRef = 8F932B5328C751EC00FAC04B /* Comp_Checkbox.swift */; };
		8F932B8028C751EE00FAC04B /* Comp_ErrorMsg.swift in Sources */ = {isa = PBXBuildFile; fileRef = 8F932B5428C751EC00FAC04B /* Comp_ErrorMsg.swift */; };
		8F932B8128C751EE00FAC04B /* View_Inbox.swift in Sources */ = {isa = PBXBuildFile; fileRef = 8F932B5528C751EC00FAC04B /* View_Inbox.swift */; };
		8F932B8228C751EE00FAC04B /* ViewModel_FilterProfile.swift in Sources */ = {isa = PBXBuildFile; fileRef = 8F932B5628C751EC00FAC04B /* ViewModel_FilterProfile.swift */; };
		8F932B8328C751EE00FAC04B /* Comp_AdaptiveSheet.swift in Sources */ = {isa = PBXBuildFile; fileRef = 8F932B5728C751EC00FAC04B /* Comp_AdaptiveSheet.swift */; };
		8F932B8428C751EE00FAC04B /* View_Notification.swift in Sources */ = {isa = PBXBuildFile; fileRef = 8F932B5828C751EC00FAC04B /* View_Notification.swift */; };
		8F932B8628C751EE00FAC04B /* Comp_TextInput.swift in Sources */ = {isa = PBXBuildFile; fileRef = 8F932B5A28C751ED00FAC04B /* Comp_TextInput.swift */; };
		8F932B8728C751EE00FAC04B /* Comp_Toogle.swift in Sources */ = {isa = PBXBuildFile; fileRef = 8F932B5B28C751ED00FAC04B /* Comp_Toogle.swift */; };
		8F932B8828C751EE00FAC04B /* Model_Notification.swift in Sources */ = {isa = PBXBuildFile; fileRef = 8F932B5C28C751ED00FAC04B /* Model_Notification.swift */; };
		8F932B8928C751EE00FAC04B /* Comp_ImagePicker.swift in Sources */ = {isa = PBXBuildFile; fileRef = 8F932B5D28C751ED00FAC04B /* Comp_ImagePicker.swift */; };
		8F932B8B28C751EE00FAC04B /* ViewModel_ChatEngine.swift in Sources */ = {isa = PBXBuildFile; fileRef = 8F932B5F28C751ED00FAC04B /* ViewModel_ChatEngine.swift */; };
		8F932B8C28C751EE00FAC04B /* Comp_CongratsModal.swift in Sources */ = {isa = PBXBuildFile; fileRef = 8F932B6028C751ED00FAC04B /* Comp_CongratsModal.swift */; };
		8F932B8D28C751EE00FAC04B /* Comp_MessageSelfBubble.swift in Sources */ = {isa = PBXBuildFile; fileRef = 8F932B6128C751ED00FAC04B /* Comp_MessageSelfBubble.swift */; };
		8F932B8E28C751EE00FAC04B /* ViewModel_Navigation.swift in Sources */ = {isa = PBXBuildFile; fileRef = 8F932B6228C751ED00FAC04B /* ViewModel_Navigation.swift */; };
		8F932B8F28C751EE00FAC04B /* Comp_NotificationOption.swift in Sources */ = {isa = PBXBuildFile; fileRef = 8F932B6328C751ED00FAC04B /* Comp_NotificationOption.swift */; };
		8F932B9028C751EE00FAC04B /* Comp_BottomBar.swift in Sources */ = {isa = PBXBuildFile; fileRef = 8F932B6428C751ED00FAC04B /* Comp_BottomBar.swift */; };
		8F932B9128C751EE00FAC04B /* Model_Conversation.swift in Sources */ = {isa = PBXBuildFile; fileRef = 8F932B6528C751ED00FAC04B /* Model_Conversation.swift */; };
		8F932B9228C751EE00FAC04B /* Style_CornerRadiusStyle.swift in Sources */ = {isa = PBXBuildFile; fileRef = 8F932B6628C751ED00FAC04B /* Style_CornerRadiusStyle.swift */; };
		8F932B9328C751EE00FAC04B /* Util_DateHelper.swift in Sources */ = {isa = PBXBuildFile; fileRef = 8F932B6728C751ED00FAC04B /* Util_DateHelper.swift */; };
		8F932B9428C751EE00FAC04B /* View_Splash.swift in Sources */ = {isa = PBXBuildFile; fileRef = 8F932B6828C751ED00FAC04B /* View_Splash.swift */; };
		8F932B9528C751EE00FAC04B /* Comp_PickerInput.swift in Sources */ = {isa = PBXBuildFile; fileRef = 8F932B6928C751ED00FAC04B /* Comp_PickerInput.swift */; };
		8F932B9628C751EE00FAC04B /* Comp_TextBox.swift in Sources */ = {isa = PBXBuildFile; fileRef = 8F932B6A28C751ED00FAC04B /* Comp_TextBox.swift */; };
		8F932B9728C751EE00FAC04B /* Style_GlobalStyle.swift in Sources */ = {isa = PBXBuildFile; fileRef = 8F932B6B28C751ED00FAC04B /* Style_GlobalStyle.swift */; };
		8F932B9828C751EE00FAC04B /* View_FilterProfile.swift in Sources */ = {isa = PBXBuildFile; fileRef = 8F932B6C28C751EE00FAC04B /* View_FilterProfile.swift */; };
		8F932B9928C751EE00FAC04B /* View_SigninScreen.swift in Sources */ = {isa = PBXBuildFile; fileRef = 8F932B6D28C751EE00FAC04B /* View_SigninScreen.swift */; };
		8F932B9A28C751EE00FAC04B /* View_Content.swift in Sources */ = {isa = PBXBuildFile; fileRef = 8F932B6E28C751EE00FAC04B /* View_Content.swift */; };
		8F932B9B28C751EE00FAC04B /* uhubApp.swift in Sources */ = {isa = PBXBuildFile; fileRef = 8F932B6F28C751EE00FAC04B /* uhubApp.swift */; };
		8F932B9C28C751EE00FAC04B /* Comp_ButtonBinding.swift in Sources */ = {isa = PBXBuildFile; fileRef = 8F932B7028C751EE00FAC04B /* Comp_ButtonBinding.swift */; };
		8F932B9D28C751EE00FAC04B /* Comp_OneThirdModal.swift in Sources */ = {isa = PBXBuildFile; fileRef = 8F932B7128C751EE00FAC04B /* Comp_OneThirdModal.swift */; };
		8F932B9E28C751EE00FAC04B /* View_SignupScreen.swift in Sources */ = {isa = PBXBuildFile; fileRef = 8F932B7228C751EE00FAC04B /* View_SignupScreen.swift */; };
		8F932B9F28C751EE00FAC04B /* Comp_StandardHeader.swift in Sources */ = {isa = PBXBuildFile; fileRef = 8F932B7328C751EE00FAC04B /* Comp_StandardHeader.swift */; };
		8F932BA028C751EE00FAC04B /* Comp_Button.swift in Sources */ = {isa = PBXBuildFile; fileRef = 8F932B7428C751EE00FAC04B /* Comp_Button.swift */; };
		8F932BA128C751EE00FAC04B /* Comp_ChatListRow.swift in Sources */ = {isa = PBXBuildFile; fileRef = 8F932B7528C751EE00FAC04B /* Comp_ChatListRow.swift */; };
		8F932BA228C751EE00FAC04B /* View_EditProfile.swift in Sources */ = {isa = PBXBuildFile; fileRef = 8F932B7628C751EE00FAC04B /* View_EditProfile.swift */; };
		8F932BA328C751EE00FAC04B /* Comp_AvatarInput.swift in Sources */ = {isa = PBXBuildFile; fileRef = 8F932B7728C751EE00FAC04B /* Comp_AvatarInput.swift */; };
		8F932BA428C751EE00FAC04B /* Model_Message.swift in Sources */ = {isa = PBXBuildFile; fileRef = 8F932B7828C751EE00FAC04B /* Model_Message.swift */; };
		8F932BA528C751EE00FAC04B /* View_ChatList.swift in Sources */ = {isa = PBXBuildFile; fileRef = 8F932B7928C751EE00FAC04B /* View_ChatList.swift */; };
		8F932BA628C751EE00FAC04B /* Manager_UserAuth.swift in Sources */ = {isa = PBXBuildFile; fileRef = 8F932B7A28C751EE00FAC04B /* Manager_UserAuth.swift */; };
		8FDB54AB28BF2AA10013816E /* FirebaseAuth in Frameworks */ = {isa = PBXBuildFile; productRef = 8FDB54AA28BF2AA10013816E /* FirebaseAuth */; };
		8FDB54B128BF2AA10013816E /* FirebaseFirestore in Frameworks */ = {isa = PBXBuildFile; productRef = 8FDB54B028BF2AA10013816E /* FirebaseFirestore */; };
		8FDB54B328BF2AA10013816E /* FirebaseMessaging in Frameworks */ = {isa = PBXBuildFile; productRef = 8FDB54B228BF2AA10013816E /* FirebaseMessaging */; };
		8FDB54B728BF2B4A0013816E /* GoogleService-Info.plist in Resources */ = {isa = PBXBuildFile; fileRef = 8FDB54B628BF2B4A0013816E /* GoogleService-Info.plist */; };
		C133E47628CA2670002FFA9E /* View_Home.swift in Sources */ = {isa = PBXBuildFile; fileRef = C133E47528CA2670002FFA9E /* View_Home.swift */; };
		C133E47828CA3DEB002FFA9E /* Comp_MenuBar.swift in Sources */ = {isa = PBXBuildFile; fileRef = C133E47728CA3DEB002FFA9E /* Comp_MenuBar.swift */; };
		C133E47A28CA4C31002FFA9E /* View_Matches.swift in Sources */ = {isa = PBXBuildFile; fileRef = C133E47928CA4C31002FFA9E /* View_Matches.swift */; };
		C133E47C28CA4C3F002FFA9E /* View_Setting.swift in Sources */ = {isa = PBXBuildFile; fileRef = C133E47B28CA4C3F002FFA9E /* View_Setting.swift */; };
/* End PBXBuildFile section */

/* Begin PBXFileReference section */
		55FA436428BE26BD006AC2F8 /* uhub.app */ = {isa = PBXFileReference; explicitFileType = wrapper.application; includeInIndex = 0; path = uhub.app; sourceTree = BUILT_PRODUCTS_DIR; };
		55FA436B28BE26C4006AC2F8 /* Assets.xcassets */ = {isa = PBXFileReference; lastKnownFileType = folder.assetcatalog; path = Assets.xcassets; sourceTree = "<group>"; };
		55FA436E28BE26C4006AC2F8 /* Preview Assets.xcassets */ = {isa = PBXFileReference; lastKnownFileType = folder.assetcatalog; path = "Preview Assets.xcassets"; sourceTree = "<group>"; };
		8F932B4E28C751EC00FAC04B /* uhub-Bridging-Header.h */ = {isa = PBXFileReference; lastKnownFileType = sourcecode.c.h; path = "uhub-Bridging-Header.h"; sourceTree = "<group>"; };
		8F932B4F28C751EC00FAC04B /* View_Congrats.swift */ = {isa = PBXFileReference; fileEncoding = 4; lastKnownFileType = sourcecode.swift; path = View_Congrats.swift; sourceTree = "<group>"; };
		8F932B5028C751EC00FAC04B /* ViewModel_EditProfile.swift */ = {isa = PBXFileReference; fileEncoding = 4; lastKnownFileType = sourcecode.swift; path = ViewModel_EditProfile.swift; sourceTree = "<group>"; };
		8F932B5128C751EC00FAC04B /* Comp_PickerInputModal.swift */ = {isa = PBXFileReference; fileEncoding = 4; lastKnownFileType = sourcecode.swift; path = Comp_PickerInputModal.swift; sourceTree = "<group>"; };
		8F932B5228C751EC00FAC04B /* Comp_MessageDefaultBubble.swift */ = {isa = PBXFileReference; fileEncoding = 4; lastKnownFileType = sourcecode.swift; path = Comp_MessageDefaultBubble.swift; sourceTree = "<group>"; };
		8F932B5328C751EC00FAC04B /* Comp_Checkbox.swift */ = {isa = PBXFileReference; fileEncoding = 4; lastKnownFileType = sourcecode.swift; path = Comp_Checkbox.swift; sourceTree = "<group>"; };
		8F932B5428C751EC00FAC04B /* Comp_ErrorMsg.swift */ = {isa = PBXFileReference; fileEncoding = 4; lastKnownFileType = sourcecode.swift; path = Comp_ErrorMsg.swift; sourceTree = "<group>"; };
		8F932B5528C751EC00FAC04B /* View_Inbox.swift */ = {isa = PBXFileReference; fileEncoding = 4; lastKnownFileType = sourcecode.swift; path = View_Inbox.swift; sourceTree = "<group>"; };
		8F932B5628C751EC00FAC04B /* ViewModel_FilterProfile.swift */ = {isa = PBXFileReference; fileEncoding = 4; lastKnownFileType = sourcecode.swift; path = ViewModel_FilterProfile.swift; sourceTree = "<group>"; };
		8F932B5728C751EC00FAC04B /* Comp_AdaptiveSheet.swift */ = {isa = PBXFileReference; fileEncoding = 4; lastKnownFileType = sourcecode.swift; path = Comp_AdaptiveSheet.swift; sourceTree = "<group>"; };
		8F932B5828C751EC00FAC04B /* View_Notification.swift */ = {isa = PBXFileReference; fileEncoding = 4; lastKnownFileType = sourcecode.swift; path = View_Notification.swift; sourceTree = "<group>"; };
		8F932B5A28C751ED00FAC04B /* Comp_TextInput.swift */ = {isa = PBXFileReference; fileEncoding = 4; lastKnownFileType = sourcecode.swift; path = Comp_TextInput.swift; sourceTree = "<group>"; };
		8F932B5B28C751ED00FAC04B /* Comp_Toogle.swift */ = {isa = PBXFileReference; fileEncoding = 4; lastKnownFileType = sourcecode.swift; path = Comp_Toogle.swift; sourceTree = "<group>"; };
		8F932B5C28C751ED00FAC04B /* Model_Notification.swift */ = {isa = PBXFileReference; fileEncoding = 4; lastKnownFileType = sourcecode.swift; path = Model_Notification.swift; sourceTree = "<group>"; };
		8F932B5D28C751ED00FAC04B /* Comp_ImagePicker.swift */ = {isa = PBXFileReference; fileEncoding = 4; lastKnownFileType = sourcecode.swift; path = Comp_ImagePicker.swift; sourceTree = "<group>"; };
		8F932B5F28C751ED00FAC04B /* ViewModel_ChatEngine.swift */ = {isa = PBXFileReference; fileEncoding = 4; lastKnownFileType = sourcecode.swift; path = ViewModel_ChatEngine.swift; sourceTree = "<group>"; };
		8F932B6028C751ED00FAC04B /* Comp_CongratsModal.swift */ = {isa = PBXFileReference; fileEncoding = 4; lastKnownFileType = sourcecode.swift; path = Comp_CongratsModal.swift; sourceTree = "<group>"; };
		8F932B6128C751ED00FAC04B /* Comp_MessageSelfBubble.swift */ = {isa = PBXFileReference; fileEncoding = 4; lastKnownFileType = sourcecode.swift; path = Comp_MessageSelfBubble.swift; sourceTree = "<group>"; };
		8F932B6228C751ED00FAC04B /* ViewModel_Navigation.swift */ = {isa = PBXFileReference; fileEncoding = 4; lastKnownFileType = sourcecode.swift; path = ViewModel_Navigation.swift; sourceTree = "<group>"; };
		8F932B6328C751ED00FAC04B /* Comp_NotificationOption.swift */ = {isa = PBXFileReference; fileEncoding = 4; lastKnownFileType = sourcecode.swift; path = Comp_NotificationOption.swift; sourceTree = "<group>"; };
		8F932B6428C751ED00FAC04B /* Comp_BottomBar.swift */ = {isa = PBXFileReference; fileEncoding = 4; lastKnownFileType = sourcecode.swift; path = Comp_BottomBar.swift; sourceTree = "<group>"; };
		8F932B6528C751ED00FAC04B /* Model_Conversation.swift */ = {isa = PBXFileReference; fileEncoding = 4; lastKnownFileType = sourcecode.swift; path = Model_Conversation.swift; sourceTree = "<group>"; };
		8F932B6628C751ED00FAC04B /* Style_CornerRadiusStyle.swift */ = {isa = PBXFileReference; fileEncoding = 4; lastKnownFileType = sourcecode.swift; path = Style_CornerRadiusStyle.swift; sourceTree = "<group>"; };
		8F932B6728C751ED00FAC04B /* Util_DateHelper.swift */ = {isa = PBXFileReference; fileEncoding = 4; lastKnownFileType = sourcecode.swift; path = Util_DateHelper.swift; sourceTree = "<group>"; };
		8F932B6828C751ED00FAC04B /* View_Splash.swift */ = {isa = PBXFileReference; fileEncoding = 4; lastKnownFileType = sourcecode.swift; path = View_Splash.swift; sourceTree = "<group>"; };
		8F932B6928C751ED00FAC04B /* Comp_PickerInput.swift */ = {isa = PBXFileReference; fileEncoding = 4; lastKnownFileType = sourcecode.swift; path = Comp_PickerInput.swift; sourceTree = "<group>"; };
		8F932B6A28C751ED00FAC04B /* Comp_TextBox.swift */ = {isa = PBXFileReference; fileEncoding = 4; lastKnownFileType = sourcecode.swift; path = Comp_TextBox.swift; sourceTree = "<group>"; };
		8F932B6B28C751ED00FAC04B /* Style_GlobalStyle.swift */ = {isa = PBXFileReference; fileEncoding = 4; lastKnownFileType = sourcecode.swift; path = Style_GlobalStyle.swift; sourceTree = "<group>"; };
		8F932B6C28C751EE00FAC04B /* View_FilterProfile.swift */ = {isa = PBXFileReference; fileEncoding = 4; lastKnownFileType = sourcecode.swift; path = View_FilterProfile.swift; sourceTree = "<group>"; };
		8F932B6D28C751EE00FAC04B /* View_SigninScreen.swift */ = {isa = PBXFileReference; fileEncoding = 4; lastKnownFileType = sourcecode.swift; path = View_SigninScreen.swift; sourceTree = "<group>"; };
		8F932B6E28C751EE00FAC04B /* View_Content.swift */ = {isa = PBXFileReference; fileEncoding = 4; lastKnownFileType = sourcecode.swift; path = View_Content.swift; sourceTree = "<group>"; };
		8F932B6F28C751EE00FAC04B /* uhubApp.swift */ = {isa = PBXFileReference; fileEncoding = 4; lastKnownFileType = sourcecode.swift; path = uhubApp.swift; sourceTree = "<group>"; };
		8F932B7028C751EE00FAC04B /* Comp_ButtonBinding.swift */ = {isa = PBXFileReference; fileEncoding = 4; lastKnownFileType = sourcecode.swift; path = Comp_ButtonBinding.swift; sourceTree = "<group>"; };
		8F932B7128C751EE00FAC04B /* Comp_OneThirdModal.swift */ = {isa = PBXFileReference; fileEncoding = 4; lastKnownFileType = sourcecode.swift; path = Comp_OneThirdModal.swift; sourceTree = "<group>"; };
		8F932B7228C751EE00FAC04B /* View_SignupScreen.swift */ = {isa = PBXFileReference; fileEncoding = 4; lastKnownFileType = sourcecode.swift; path = View_SignupScreen.swift; sourceTree = "<group>"; };
		8F932B7328C751EE00FAC04B /* Comp_StandardHeader.swift */ = {isa = PBXFileReference; fileEncoding = 4; lastKnownFileType = sourcecode.swift; path = Comp_StandardHeader.swift; sourceTree = "<group>"; };
		8F932B7428C751EE00FAC04B /* Comp_Button.swift */ = {isa = PBXFileReference; fileEncoding = 4; lastKnownFileType = sourcecode.swift; path = Comp_Button.swift; sourceTree = "<group>"; };
		8F932B7528C751EE00FAC04B /* Comp_ChatListRow.swift */ = {isa = PBXFileReference; fileEncoding = 4; lastKnownFileType = sourcecode.swift; path = Comp_ChatListRow.swift; sourceTree = "<group>"; };
		8F932B7628C751EE00FAC04B /* View_EditProfile.swift */ = {isa = PBXFileReference; fileEncoding = 4; lastKnownFileType = sourcecode.swift; path = View_EditProfile.swift; sourceTree = "<group>"; };
		8F932B7728C751EE00FAC04B /* Comp_AvatarInput.swift */ = {isa = PBXFileReference; fileEncoding = 4; lastKnownFileType = sourcecode.swift; path = Comp_AvatarInput.swift; sourceTree = "<group>"; };
		8F932B7828C751EE00FAC04B /* Model_Message.swift */ = {isa = PBXFileReference; fileEncoding = 4; lastKnownFileType = sourcecode.swift; path = Model_Message.swift; sourceTree = "<group>"; };
		8F932B7928C751EE00FAC04B /* View_ChatList.swift */ = {isa = PBXFileReference; fileEncoding = 4; lastKnownFileType = sourcecode.swift; path = View_ChatList.swift; sourceTree = "<group>"; };
		8F932B7A28C751EE00FAC04B /* Manager_UserAuth.swift */ = {isa = PBXFileReference; fileEncoding = 4; lastKnownFileType = sourcecode.swift; path = Manager_UserAuth.swift; sourceTree = "<group>"; };
		8FDB54B628BF2B4A0013816E /* GoogleService-Info.plist */ = {isa = PBXFileReference; fileEncoding = 4; lastKnownFileType = text.plist.xml; path = "GoogleService-Info.plist"; sourceTree = "<group>"; };
		C133E47528CA2670002FFA9E /* View_Home.swift */ = {isa = PBXFileReference; lastKnownFileType = sourcecode.swift; path = View_Home.swift; sourceTree = "<group>"; };
		C133E47728CA3DEB002FFA9E /* Comp_MenuBar.swift */ = {isa = PBXFileReference; lastKnownFileType = sourcecode.swift; path = Comp_MenuBar.swift; sourceTree = "<group>"; };
		C133E47928CA4C31002FFA9E /* View_Matches.swift */ = {isa = PBXFileReference; lastKnownFileType = sourcecode.swift; path = View_Matches.swift; sourceTree = "<group>"; };
		C133E47B28CA4C3F002FFA9E /* View_Setting.swift */ = {isa = PBXFileReference; lastKnownFileType = sourcecode.swift; path = View_Setting.swift; sourceTree = "<group>"; };
/* End PBXFileReference section */

/* Begin PBXFrameworksBuildPhase section */
		55FA436128BE26BD006AC2F8 /* Frameworks */ = {
			isa = PBXFrameworksBuildPhase;
			buildActionMask = 2147483647;
			files = (
				8FDB54B328BF2AA10013816E /* FirebaseMessaging in Frameworks */,
				8FDB54B128BF2AA10013816E /* FirebaseFirestore in Frameworks */,
				8FDB54AB28BF2AA10013816E /* FirebaseAuth in Frameworks */,
			);
			runOnlyForDeploymentPostprocessing = 0;
		};
/* End PBXFrameworksBuildPhase section */

/* Begin PBXGroup section */
		55FA435B28BE26BD006AC2F8 = {
			isa = PBXGroup;
			children = (
				55FA436628BE26BD006AC2F8 /* uhub */,
				55FA436528BE26BD006AC2F8 /* Products */,
			);
			sourceTree = "<group>";
		};
		55FA436528BE26BD006AC2F8 /* Products */ = {
			isa = PBXGroup;
			children = (
				55FA436428BE26BD006AC2F8 /* uhub.app */,
			);
			name = Products;
			sourceTree = "<group>";
		};
		55FA436628BE26BD006AC2F8 /* uhub */ = {
			isa = PBXGroup;
			children = (
				8F932B4E28C751EC00FAC04B /* uhub-Bridging-Header.h */,
				8FDB54B628BF2B4A0013816E /* GoogleService-Info.plist */,
				8F932B5728C751EC00FAC04B /* Comp_AdaptiveSheet.swift */,
				8F932B7728C751EE00FAC04B /* Comp_AvatarInput.swift */,
				8F932B6428C751ED00FAC04B /* Comp_BottomBar.swift */,
				8F932B7428C751EE00FAC04B /* Comp_Button.swift */,
				8F932B7028C751EE00FAC04B /* Comp_ButtonBinding.swift */,
				8F932B7528C751EE00FAC04B /* Comp_ChatListRow.swift */,
				8F932B5328C751EC00FAC04B /* Comp_Checkbox.swift */,
				8F932B6028C751ED00FAC04B /* Comp_CongratsModal.swift */,
				8F932B5428C751EC00FAC04B /* Comp_ErrorMsg.swift */,
				8F932B5D28C751ED00FAC04B /* Comp_ImagePicker.swift */,
				C133E47728CA3DEB002FFA9E /* Comp_MenuBar.swift */,
				8F932B5228C751EC00FAC04B /* Comp_MessageDefaultBubble.swift */,
				8F932B6128C751ED00FAC04B /* Comp_MessageSelfBubble.swift */,
				8F932B6328C751ED00FAC04B /* Comp_NotificationOption.swift */,
				8F932B7128C751EE00FAC04B /* Comp_OneThirdModal.swift */,
				8F932B6928C751ED00FAC04B /* Comp_PickerInput.swift */,
				8F932B5128C751EC00FAC04B /* Comp_PickerInputModal.swift */,
				8F932B7328C751EE00FAC04B /* Comp_StandardHeader.swift */,
				8F932B6A28C751ED00FAC04B /* Comp_TextBox.swift */,
				8F932B5A28C751ED00FAC04B /* Comp_TextInput.swift */,
				8F932B5B28C751ED00FAC04B /* Comp_Toogle.swift */,
				8F932B7A28C751EE00FAC04B /* Manager_UserAuth.swift */,
				8F932B6528C751ED00FAC04B /* Model_Conversation.swift */,
				8F932B7828C751EE00FAC04B /* Model_Message.swift */,
				8F932B5C28C751ED00FAC04B /* Model_Notification.swift */,
				8F932B6628C751ED00FAC04B /* Style_CornerRadiusStyle.swift */,
				8F932B6B28C751ED00FAC04B /* Style_GlobalStyle.swift */,
				8F932B6F28C751EE00FAC04B /* uhubApp.swift */,
				8F932B6728C751ED00FAC04B /* Util_DateHelper.swift */,
				8F932B7928C751EE00FAC04B /* View_ChatList.swift */,
				8F932B4F28C751EC00FAC04B /* View_Congrats.swift */,
				8F932B6E28C751EE00FAC04B /* View_Content.swift */,
				8F932B7628C751EE00FAC04B /* View_EditProfile.swift */,
				8F932B6C28C751EE00FAC04B /* View_FilterProfile.swift */,
				C133E47528CA2670002FFA9E /* View_Home.swift */,
				C133E47928CA4C31002FFA9E /* View_Matches.swift */,
				C133E47B28CA4C3F002FFA9E /* View_Setting.swift */,
				8F932B5528C751EC00FAC04B /* View_Inbox.swift */,
				8F932B5828C751EC00FAC04B /* View_Notification.swift */,
				8F932B6D28C751EE00FAC04B /* View_SigninScreen.swift */,
				8F932B7228C751EE00FAC04B /* View_SignupScreen.swift */,
				8F932B6828C751ED00FAC04B /* View_Splash.swift */,
				8F932B5F28C751ED00FAC04B /* ViewModel_ChatEngine.swift */,
				8F932B5028C751EC00FAC04B /* ViewModel_EditProfile.swift */,
				8F932B5628C751EC00FAC04B /* ViewModel_FilterProfile.swift */,
				8F932B6228C751ED00FAC04B /* ViewModel_Navigation.swift */,
				55FA436B28BE26C4006AC2F8 /* Assets.xcassets */,
				55FA436D28BE26C4006AC2F8 /* Preview Content */,
			);
			path = uhub;
			sourceTree = "<group>";
		};
		55FA436D28BE26C4006AC2F8 /* Preview Content */ = {
			isa = PBXGroup;
			children = (
				55FA436E28BE26C4006AC2F8 /* Preview Assets.xcassets */,
			);
			path = "Preview Content";
			sourceTree = "<group>";
		};
/* End PBXGroup section */

/* Begin PBXNativeTarget section */
		55FA436328BE26BD006AC2F8 /* uhub */ = {
			isa = PBXNativeTarget;
			buildConfigurationList = 55FA437228BE26C4006AC2F8 /* Build configuration list for PBXNativeTarget "uhub" */;
			buildPhases = (
				55FA436028BE26BD006AC2F8 /* Sources */,
				55FA436128BE26BD006AC2F8 /* Frameworks */,
				55FA436228BE26BD006AC2F8 /* Resources */,
			);
			buildRules = (
			);
			dependencies = (
			);
			name = uhub;
			packageProductDependencies = (
				8FDB54AA28BF2AA10013816E /* FirebaseAuth */,
				8FDB54B028BF2AA10013816E /* FirebaseFirestore */,
				8FDB54B228BF2AA10013816E /* FirebaseMessaging */,
			);
			productName = uhub;
			productReference = 55FA436428BE26BD006AC2F8 /* uhub.app */;
			productType = "com.apple.product-type.application";
		};
/* End PBXNativeTarget section */

/* Begin PBXProject section */
		55FA435C28BE26BD006AC2F8 /* Project object */ = {
			isa = PBXProject;
			attributes = {
				BuildIndependentTargetsInParallel = 1;
				LastSwiftUpdateCheck = 1340;
				LastUpgradeCheck = 1340;
				TargetAttributes = {
					55FA436328BE26BD006AC2F8 = {
						CreatedOnToolsVersion = 13.4.1;
						LastSwiftMigration = 1340;
					};
				};
			};
			buildConfigurationList = 55FA435F28BE26BD006AC2F8 /* Build configuration list for PBXProject "uhub" */;
			compatibilityVersion = "Xcode 13.0";
			developmentRegion = en;
			hasScannedForEncodings = 0;
			knownRegions = (
				en,
				Base,
			);
			mainGroup = 55FA435B28BE26BD006AC2F8;
			packageReferences = (
				8FDB54A728BF2AA10013816E /* XCRemoteSwiftPackageReference "firebase-ios-sdk" */,
			);
			productRefGroup = 55FA436528BE26BD006AC2F8 /* Products */;
			projectDirPath = "";
			projectRoot = "";
			targets = (
				55FA436328BE26BD006AC2F8 /* uhub */,
			);
		};
/* End PBXProject section */

/* Begin PBXResourcesBuildPhase section */
		55FA436228BE26BD006AC2F8 /* Resources */ = {
			isa = PBXResourcesBuildPhase;
			buildActionMask = 2147483647;
			files = (
				55FA436F28BE26C4006AC2F8 /* Preview Assets.xcassets in Resources */,
				55FA436C28BE26C4006AC2F8 /* Assets.xcassets in Resources */,
				8FDB54B728BF2B4A0013816E /* GoogleService-Info.plist in Resources */,
			);
			runOnlyForDeploymentPostprocessing = 0;
		};
/* End PBXResourcesBuildPhase section */

/* Begin PBXSourcesBuildPhase section */
		55FA436028BE26BD006AC2F8 /* Sources */ = {
			isa = PBXSourcesBuildPhase;
			buildActionMask = 2147483647;
			files = (
				8F932B9328C751EE00FAC04B /* Util_DateHelper.swift in Sources */,
				8F932B8828C751EE00FAC04B /* Model_Notification.swift in Sources */,
				8F932B9A28C751EE00FAC04B /* View_Content.swift in Sources */,
				8F932B9828C751EE00FAC04B /* View_FilterProfile.swift in Sources */,
				8F932B9C28C751EE00FAC04B /* Comp_ButtonBinding.swift in Sources */,
				8F932B9D28C751EE00FAC04B /* Comp_OneThirdModal.swift in Sources */,
				8F932B7C28C751EE00FAC04B /* ViewModel_EditProfile.swift in Sources */,
				8F932B9928C751EE00FAC04B /* View_SigninScreen.swift in Sources */,
				8F932BA328C751EE00FAC04B /* Comp_AvatarInput.swift in Sources */,
				8F932B9128C751EE00FAC04B /* Model_Conversation.swift in Sources */,
				8F932B8D28C751EE00FAC04B /* Comp_MessageSelfBubble.swift in Sources */,
				8F932BA228C751EE00FAC04B /* View_EditProfile.swift in Sources */,
				8F932B9528C751EE00FAC04B /* Comp_PickerInput.swift in Sources */,
				8F932B7B28C751EE00FAC04B /* View_Congrats.swift in Sources */,
				8F932B8228C751EE00FAC04B /* ViewModel_FilterProfile.swift in Sources */,
				8F932B7D28C751EE00FAC04B /* Comp_PickerInputModal.swift in Sources */,
				C133E47628CA2670002FFA9E /* View_Home.swift in Sources */,
				8F932BA528C751EE00FAC04B /* View_ChatList.swift in Sources */,
				8F932BA028C751EE00FAC04B /* Comp_Button.swift in Sources */,
				8F932B9F28C751EE00FAC04B /* Comp_StandardHeader.swift in Sources */,
				8F932B9028C751EE00FAC04B /* Comp_BottomBar.swift in Sources */,
				8F932B8B28C751EE00FAC04B /* ViewModel_ChatEngine.swift in Sources */,
				8F932B9E28C751EE00FAC04B /* View_SignupScreen.swift in Sources */,
				8F932B8128C751EE00FAC04B /* View_Inbox.swift in Sources */,
				8F932B7F28C751EE00FAC04B /* Comp_Checkbox.swift in Sources */,
				8F932B8728C751EE00FAC04B /* Comp_Toogle.swift in Sources */,
				8F932B7E28C751EE00FAC04B /* Comp_MessageDefaultBubble.swift in Sources */,
				C133E47C28CA4C3F002FFA9E /* View_Setting.swift in Sources */,
				8F932BA628C751EE00FAC04B /* Manager_UserAuth.swift in Sources */,
				8F932BA428C751EE00FAC04B /* Model_Message.swift in Sources */,
				8F932B8C28C751EE00FAC04B /* Comp_CongratsModal.swift in Sources */,
				8F932B8328C751EE00FAC04B /* Comp_AdaptiveSheet.swift in Sources */,
				C133E47A28CA4C31002FFA9E /* View_Matches.swift in Sources */,
				8F932B8028C751EE00FAC04B /* Comp_ErrorMsg.swift in Sources */,
				8F932B8E28C751EE00FAC04B /* ViewModel_Navigation.swift in Sources */,
				8F932B8928C751EE00FAC04B /* Comp_ImagePicker.swift in Sources */,
				8F932B9728C751EE00FAC04B /* Style_GlobalStyle.swift in Sources */,
				8F932B9428C751EE00FAC04B /* View_Splash.swift in Sources */,
				8F932B9228C751EE00FAC04B /* Style_CornerRadiusStyle.swift in Sources */,
				8F932BA128C751EE00FAC04B /* Comp_ChatListRow.swift in Sources */,
				8F932B8428C751EE00FAC04B /* View_Notification.swift in Sources */,
				8F932B9B28C751EE00FAC04B /* uhubApp.swift in Sources */,
				8F932B8F28C751EE00FAC04B /* Comp_NotificationOption.swift in Sources */,
				8F932B9628C751EE00FAC04B /* Comp_TextBox.swift in Sources */,
				C133E47828CA3DEB002FFA9E /* Comp_MenuBar.swift in Sources */,
				8F932B8628C751EE00FAC04B /* Comp_TextInput.swift in Sources */,
			);
			runOnlyForDeploymentPostprocessing = 0;
		};
/* End PBXSourcesBuildPhase section */

/* Begin XCBuildConfiguration section */
		55FA437028BE26C4006AC2F8 /* Debug */ = {
			isa = XCBuildConfiguration;
			buildSettings = {
				ALWAYS_SEARCH_USER_PATHS = NO;
				CLANG_ANALYZER_NONNULL = YES;
				CLANG_ANALYZER_NUMBER_OBJECT_CONVERSION = YES_AGGRESSIVE;
				CLANG_CXX_LANGUAGE_STANDARD = "gnu++17";
				CLANG_ENABLE_MODULES = YES;
				CLANG_ENABLE_OBJC_ARC = YES;
				CLANG_ENABLE_OBJC_WEAK = YES;
				CLANG_WARN_BLOCK_CAPTURE_AUTORELEASING = YES;
				CLANG_WARN_BOOL_CONVERSION = YES;
				CLANG_WARN_COMMA = YES;
				CLANG_WARN_CONSTANT_CONVERSION = YES;
				CLANG_WARN_DEPRECATED_OBJC_IMPLEMENTATIONS = YES;
				CLANG_WARN_DIRECT_OBJC_ISA_USAGE = YES_ERROR;
				CLANG_WARN_DOCUMENTATION_COMMENTS = YES;
				CLANG_WARN_EMPTY_BODY = YES;
				CLANG_WARN_ENUM_CONVERSION = YES;
				CLANG_WARN_INFINITE_RECURSION = YES;
				CLANG_WARN_INT_CONVERSION = YES;
				CLANG_WARN_NON_LITERAL_NULL_CONVERSION = YES;
				CLANG_WARN_OBJC_IMPLICIT_RETAIN_SELF = YES;
				CLANG_WARN_OBJC_LITERAL_CONVERSION = YES;
				CLANG_WARN_OBJC_ROOT_CLASS = YES_ERROR;
				CLANG_WARN_QUOTED_INCLUDE_IN_FRAMEWORK_HEADER = YES;
				CLANG_WARN_RANGE_LOOP_ANALYSIS = YES;
				CLANG_WARN_STRICT_PROTOTYPES = YES;
				CLANG_WARN_SUSPICIOUS_MOVE = YES;
				CLANG_WARN_UNGUARDED_AVAILABILITY = YES_AGGRESSIVE;
				CLANG_WARN_UNREACHABLE_CODE = YES;
				CLANG_WARN__DUPLICATE_METHOD_MATCH = YES;
				COPY_PHASE_STRIP = NO;
				DEBUG_INFORMATION_FORMAT = dwarf;
				ENABLE_STRICT_OBJC_MSGSEND = YES;
				ENABLE_TESTABILITY = YES;
				GCC_C_LANGUAGE_STANDARD = gnu11;
				GCC_DYNAMIC_NO_PIC = NO;
				GCC_NO_COMMON_BLOCKS = YES;
				GCC_OPTIMIZATION_LEVEL = 0;
				GCC_PREPROCESSOR_DEFINITIONS = (
					"DEBUG=1",
					"$(inherited)",
				);
				GCC_WARN_64_TO_32_BIT_CONVERSION = YES;
				GCC_WARN_ABOUT_RETURN_TYPE = YES_ERROR;
				GCC_WARN_UNDECLARED_SELECTOR = YES;
				GCC_WARN_UNINITIALIZED_AUTOS = YES_AGGRESSIVE;
				GCC_WARN_UNUSED_FUNCTION = YES;
				GCC_WARN_UNUSED_VARIABLE = YES;
				IPHONEOS_DEPLOYMENT_TARGET = 15.5;
				MTL_ENABLE_DEBUG_INFO = INCLUDE_SOURCE;
				MTL_FAST_MATH = YES;
				ONLY_ACTIVE_ARCH = YES;
				SDKROOT = iphoneos;
				SWIFT_ACTIVE_COMPILATION_CONDITIONS = DEBUG;
				SWIFT_OPTIMIZATION_LEVEL = "-Onone";
			};
			name = Debug;
		};
		55FA437128BE26C4006AC2F8 /* Release */ = {
			isa = XCBuildConfiguration;
			buildSettings = {
				ALWAYS_SEARCH_USER_PATHS = NO;
				CLANG_ANALYZER_NONNULL = YES;
				CLANG_ANALYZER_NUMBER_OBJECT_CONVERSION = YES_AGGRESSIVE;
				CLANG_CXX_LANGUAGE_STANDARD = "gnu++17";
				CLANG_ENABLE_MODULES = YES;
				CLANG_ENABLE_OBJC_ARC = YES;
				CLANG_ENABLE_OBJC_WEAK = YES;
				CLANG_WARN_BLOCK_CAPTURE_AUTORELEASING = YES;
				CLANG_WARN_BOOL_CONVERSION = YES;
				CLANG_WARN_COMMA = YES;
				CLANG_WARN_CONSTANT_CONVERSION = YES;
				CLANG_WARN_DEPRECATED_OBJC_IMPLEMENTATIONS = YES;
				CLANG_WARN_DIRECT_OBJC_ISA_USAGE = YES_ERROR;
				CLANG_WARN_DOCUMENTATION_COMMENTS = YES;
				CLANG_WARN_EMPTY_BODY = YES;
				CLANG_WARN_ENUM_CONVERSION = YES;
				CLANG_WARN_INFINITE_RECURSION = YES;
				CLANG_WARN_INT_CONVERSION = YES;
				CLANG_WARN_NON_LITERAL_NULL_CONVERSION = YES;
				CLANG_WARN_OBJC_IMPLICIT_RETAIN_SELF = YES;
				CLANG_WARN_OBJC_LITERAL_CONVERSION = YES;
				CLANG_WARN_OBJC_ROOT_CLASS = YES_ERROR;
				CLANG_WARN_QUOTED_INCLUDE_IN_FRAMEWORK_HEADER = YES;
				CLANG_WARN_RANGE_LOOP_ANALYSIS = YES;
				CLANG_WARN_STRICT_PROTOTYPES = YES;
				CLANG_WARN_SUSPICIOUS_MOVE = YES;
				CLANG_WARN_UNGUARDED_AVAILABILITY = YES_AGGRESSIVE;
				CLANG_WARN_UNREACHABLE_CODE = YES;
				CLANG_WARN__DUPLICATE_METHOD_MATCH = YES;
				COPY_PHASE_STRIP = NO;
				DEBUG_INFORMATION_FORMAT = "dwarf-with-dsym";
				ENABLE_NS_ASSERTIONS = NO;
				ENABLE_STRICT_OBJC_MSGSEND = YES;
				GCC_C_LANGUAGE_STANDARD = gnu11;
				GCC_NO_COMMON_BLOCKS = YES;
				GCC_WARN_64_TO_32_BIT_CONVERSION = YES;
				GCC_WARN_ABOUT_RETURN_TYPE = YES_ERROR;
				GCC_WARN_UNDECLARED_SELECTOR = YES;
				GCC_WARN_UNINITIALIZED_AUTOS = YES_AGGRESSIVE;
				GCC_WARN_UNUSED_FUNCTION = YES;
				GCC_WARN_UNUSED_VARIABLE = YES;
				IPHONEOS_DEPLOYMENT_TARGET = 15.5;
				MTL_ENABLE_DEBUG_INFO = NO;
				MTL_FAST_MATH = YES;
				SDKROOT = iphoneos;
				SWIFT_COMPILATION_MODE = wholemodule;
				SWIFT_OPTIMIZATION_LEVEL = "-O";
				VALIDATE_PRODUCT = YES;
			};
			name = Release;
		};
		55FA437328BE26C4006AC2F8 /* Debug */ = {
			isa = XCBuildConfiguration;
			buildSettings = {
				ASSETCATALOG_COMPILER_APPICON_NAME = AppIcon;
				ASSETCATALOG_COMPILER_GLOBAL_ACCENT_COLOR_NAME = AccentColor;
				CLANG_ENABLE_MODULES = YES;
				CODE_SIGN_STYLE = Automatic;
				CURRENT_PROJECT_VERSION = 1;
				DEVELOPMENT_ASSET_PATHS = "\"uhub/Preview Content\"";
				DEVELOPMENT_TEAM = PW97DDS2VR;
				ENABLE_PREVIEWS = YES;
				GENERATE_INFOPLIST_FILE = YES;
				INFOPLIST_KEY_UIApplicationSceneManifest_Generation = YES;
				INFOPLIST_KEY_UIApplicationSupportsIndirectInputEvents = YES;
				INFOPLIST_KEY_UILaunchScreen_Generation = YES;
				INFOPLIST_KEY_UISupportedInterfaceOrientations_iPad = "UIInterfaceOrientationPortrait UIInterfaceOrientationPortraitUpsideDown UIInterfaceOrientationLandscapeLeft UIInterfaceOrientationLandscapeRight";
				INFOPLIST_KEY_UISupportedInterfaceOrientations_iPhone = "UIInterfaceOrientationPortrait UIInterfaceOrientationLandscapeLeft UIInterfaceOrientationLandscapeRight";
				LD_RUNPATH_SEARCH_PATHS = (
					"$(inherited)",
					"@executable_path/Frameworks",
				);
				MARKETING_VERSION = 1.0;
				PRODUCT_BUNDLE_IDENTIFIER = com.rmit.uhub;
				PRODUCT_NAME = "$(TARGET_NAME)";
				SWIFT_EMIT_LOC_STRINGS = YES;
				SWIFT_OBJC_BRIDGING_HEADER = "uhub/uhub-Bridging-Header.h";
				SWIFT_OPTIMIZATION_LEVEL = "-Onone";
				SWIFT_VERSION = 5.0;
				TARGETED_DEVICE_FAMILY = "1,2";
			};
			name = Debug;
		};
		55FA437428BE26C4006AC2F8 /* Release */ = {
			isa = XCBuildConfiguration;
			buildSettings = {
				ASSETCATALOG_COMPILER_APPICON_NAME = AppIcon;
				ASSETCATALOG_COMPILER_GLOBAL_ACCENT_COLOR_NAME = AccentColor;
				CLANG_ENABLE_MODULES = YES;
				CODE_SIGN_STYLE = Automatic;
				CURRENT_PROJECT_VERSION = 1;
				DEVELOPMENT_ASSET_PATHS = "\"uhub/Preview Content\"";
				DEVELOPMENT_TEAM = PW97DDS2VR;
				ENABLE_PREVIEWS = YES;
				GENERATE_INFOPLIST_FILE = YES;
				INFOPLIST_KEY_UIApplicationSceneManifest_Generation = YES;
				INFOPLIST_KEY_UIApplicationSupportsIndirectInputEvents = YES;
				INFOPLIST_KEY_UILaunchScreen_Generation = YES;
				INFOPLIST_KEY_UISupportedInterfaceOrientations_iPad = "UIInterfaceOrientationPortrait UIInterfaceOrientationPortraitUpsideDown UIInterfaceOrientationLandscapeLeft UIInterfaceOrientationLandscapeRight";
				INFOPLIST_KEY_UISupportedInterfaceOrientations_iPhone = "UIInterfaceOrientationPortrait UIInterfaceOrientationLandscapeLeft UIInterfaceOrientationLandscapeRight";
				LD_RUNPATH_SEARCH_PATHS = (
					"$(inherited)",
					"@executable_path/Frameworks",
				);
				MARKETING_VERSION = 1.0;
				PRODUCT_BUNDLE_IDENTIFIER = com.rmit.uhub;
				PRODUCT_NAME = "$(TARGET_NAME)";
				SWIFT_EMIT_LOC_STRINGS = YES;
				SWIFT_OBJC_BRIDGING_HEADER = "uhub/uhub-Bridging-Header.h";
				SWIFT_VERSION = 5.0;
				TARGETED_DEVICE_FAMILY = "1,2";
			};
			name = Release;
		};
/* End XCBuildConfiguration section */

/* Begin XCConfigurationList section */
		55FA435F28BE26BD006AC2F8 /* Build configuration list for PBXProject "uhub" */ = {
			isa = XCConfigurationList;
			buildConfigurations = (
				55FA437028BE26C4006AC2F8 /* Debug */,
				55FA437128BE26C4006AC2F8 /* Release */,
			);
			defaultConfigurationIsVisible = 0;
			defaultConfigurationName = Release;
		};
		55FA437228BE26C4006AC2F8 /* Build configuration list for PBXNativeTarget "uhub" */ = {
			isa = XCConfigurationList;
			buildConfigurations = (
				55FA437328BE26C4006AC2F8 /* Debug */,
				55FA437428BE26C4006AC2F8 /* Release */,
			);
			defaultConfigurationIsVisible = 0;
			defaultConfigurationName = Release;
		};
/* End XCConfigurationList section */

/* Begin XCRemoteSwiftPackageReference section */
		8FDB54A728BF2AA10013816E /* XCRemoteSwiftPackageReference "firebase-ios-sdk" */ = {
			isa = XCRemoteSwiftPackageReference;
			repositoryURL = "https://github.com/firebase/firebase-ios-sdk.git";
			requirement = {
				kind = upToNextMajorVersion;
				minimumVersion = 9.0.0;
			};
		};
/* End XCRemoteSwiftPackageReference section */

/* Begin XCSwiftPackageProductDependency section */
		8FDB54AA28BF2AA10013816E /* FirebaseAuth */ = {
			isa = XCSwiftPackageProductDependency;
			package = 8FDB54A728BF2AA10013816E /* XCRemoteSwiftPackageReference "firebase-ios-sdk" */;
			productName = FirebaseAuth;
		};
		8FDB54B028BF2AA10013816E /* FirebaseFirestore */ = {
			isa = XCSwiftPackageProductDependency;
			package = 8FDB54A728BF2AA10013816E /* XCRemoteSwiftPackageReference "firebase-ios-sdk" */;
			productName = FirebaseFirestore;
		};
		8FDB54B228BF2AA10013816E /* FirebaseMessaging */ = {
			isa = XCSwiftPackageProductDependency;
			package = 8FDB54A728BF2AA10013816E /* XCRemoteSwiftPackageReference "firebase-ios-sdk" */;
			productName = FirebaseMessaging;
		};
/* End XCSwiftPackageProductDependency section */
	};
	rootObject = 55FA435C28BE26BD006AC2F8 /* Project object */;
}
